// !$*UTF8*$!
{
	archiveVersion = 1;
	classes = {
	};
	objectVersion = 55;
	objects = {

/* Begin PBXBuildFile section */
		27FA29902A388E9B009CAC45 /* ModalView.swift in Sources */ = {isa = PBXBuildFile; fileRef = 27FA298F2A388E9B009CAC45 /* ModalView.swift */; };
		2F1AC9DF2B4E840E00C24973 /* TemplateApplication.docc in Sources */ = {isa = PBXBuildFile; fileRef = 2F1AC9DE2B4E840E00C24973 /* TemplateApplication.docc */; };
		2F1B52CE2A4F5CCE003AE151 /* MockUploadTests.swift in Sources */ = {isa = PBXBuildFile; fileRef = 2F1B52CD2A4F5CCE003AE151 /* MockUploadTests.swift */; };
		2F3D4ABC2A4E7C290068FB2F /* SpeziScheduler in Frameworks */ = {isa = PBXBuildFile; productRef = 2F3D4ABB2A4E7C290068FB2F /* SpeziScheduler */; };
		2F49B7762980407C00BCB272 /* Spezi in Frameworks */ = {isa = PBXBuildFile; productRef = 2F49B7752980407B00BCB272 /* Spezi */; };
		2F4E237E2989A2FE0013F3D9 /* OnboardingTests.swift in Sources */ = {isa = PBXBuildFile; fileRef = 2F4E237D2989A2FE0013F3D9 /* OnboardingTests.swift */; };
		2F4E23832989D51F0013F3D9 /* TemplateApplicationTestingSetup.swift in Sources */ = {isa = PBXBuildFile; fileRef = 2F4E23822989D51F0013F3D9 /* TemplateApplicationTestingSetup.swift */; };
		2F4E23872989DB360013F3D9 /* ContactsTests.swift in Sources */ = {isa = PBXBuildFile; fileRef = 2F4E23862989DB360013F3D9 /* ContactsTests.swift */; };
		2F4FC8D729EE69D300BFFE26 /* MockUpload.swift in Sources */ = {isa = PBXBuildFile; fileRef = 2F4FC8D629EE69D300BFFE26 /* MockUpload.swift */; };
		2F5E32BD297E05EA003432F8 /* TemplateApplicationDelegate.swift in Sources */ = {isa = PBXBuildFile; fileRef = 2F5E32BC297E05EA003432F8 /* TemplateApplicationDelegate.swift */; };
		2F6025CB29BBE70F0045459E /* GoogleService-Info.plist in Resources */ = {isa = PBXBuildFile; fileRef = 2F6025CA29BBE70F0045459E /* GoogleService-Info.plist */; };
		2F65B44E2A3B8B0600A36932 /* NotificationPermissions.swift in Sources */ = {isa = PBXBuildFile; fileRef = 2F65B44D2A3B8B0600A36932 /* NotificationPermissions.swift */; };
		2FA0BFED2ACC977500E0EF83 /* Localizable.xcstrings in Resources */ = {isa = PBXBuildFile; fileRef = 2FA0BFEC2ACC977500E0EF83 /* Localizable.xcstrings */; };
		2FB099AF2A875DF100B20952 /* FirebaseAuth in Frameworks */ = {isa = PBXBuildFile; productRef = 2FB099AE2A875DF100B20952 /* FirebaseAuth */; };
		2FB099B12A875DF100B20952 /* FirebaseFirestore in Frameworks */ = {isa = PBXBuildFile; productRef = 2FB099B02A875DF100B20952 /* FirebaseFirestore */; };
		2FB099B32A875DF100B20952 /* FirebaseFirestoreSwift in Frameworks */ = {isa = PBXBuildFile; productRef = 2FB099B22A875DF100B20952 /* FirebaseFirestoreSwift */; };
		2FB099B62A875E2B00B20952 /* HealthKitOnFHIR in Frameworks */ = {isa = PBXBuildFile; productRef = 2FB099B52A875E2B00B20952 /* HealthKitOnFHIR */; };
		2FBD738C2A3BD150004228E7 /* SpeziScheduler in Frameworks */ = {isa = PBXBuildFile; productRef = 2FBD738B2A3BD150004228E7 /* SpeziScheduler */; };
		2FC3439029EE6346002D773C /* SocialSupportQuestionnaire.json in Resources */ = {isa = PBXBuildFile; fileRef = 2FE5DC5529EDD811004B9AB4 /* SocialSupportQuestionnaire.json */; };
		2FC3439129EE6349002D773C /* AppIcon.png in Resources */ = {isa = PBXBuildFile; fileRef = 2FE5DC2A29EDD78D004B9AB4 /* AppIcon.png */; };
		2FC3439229EE634B002D773C /* ConsentDocument.md in Resources */ = {isa = PBXBuildFile; fileRef = 2FE5DC2C29EDD78E004B9AB4 /* ConsentDocument.md */; };
		2FC975A82978F11A00BA99FE /* Home.swift in Sources */ = {isa = PBXBuildFile; fileRef = 2FC975A72978F11A00BA99FE /* Home.swift */; };
		2FE5DC2629EDD38A004B9AB4 /* Contacts.swift in Sources */ = {isa = PBXBuildFile; fileRef = 2FE5DC2529EDD38A004B9AB4 /* Contacts.swift */; };
		2FE5DC3529EDD7CA004B9AB4 /* Consent.swift in Sources */ = {isa = PBXBuildFile; fileRef = 2FE5DC2F29EDD7CA004B9AB4 /* Consent.swift */; };
		2FE5DC3629EDD7CA004B9AB4 /* HealthKitPermissions.swift in Sources */ = {isa = PBXBuildFile; fileRef = 2FE5DC3029EDD7CA004B9AB4 /* HealthKitPermissions.swift */; };
		2FE5DC3729EDD7CA004B9AB4 /* OnboardingFlow.swift in Sources */ = {isa = PBXBuildFile; fileRef = 2FE5DC3129EDD7CA004B9AB4 /* OnboardingFlow.swift */; };
		2FE5DC3829EDD7CA004B9AB4 /* InterestingModules.swift in Sources */ = {isa = PBXBuildFile; fileRef = 2FE5DC3229EDD7CA004B9AB4 /* InterestingModules.swift */; };
		2FE5DC3A29EDD7CA004B9AB4 /* Welcome.swift in Sources */ = {isa = PBXBuildFile; fileRef = 2FE5DC3429EDD7CA004B9AB4 /* Welcome.swift */; };
		2FE5DC4029EDD7EE004B9AB4 /* FeatureFlags.swift in Sources */ = {isa = PBXBuildFile; fileRef = 2FE5DC3E29EDD7ED004B9AB4 /* FeatureFlags.swift */; };
		2FE5DC4129EDD7EE004B9AB4 /* StorageKeys.swift in Sources */ = {isa = PBXBuildFile; fileRef = 2FE5DC3F29EDD7EE004B9AB4 /* StorageKeys.swift */; };
		2FE5DC4529EDD7F2004B9AB4 /* Binding+Negate.swift in Sources */ = {isa = PBXBuildFile; fileRef = 2FE5DC4229EDD7F2004B9AB4 /* Binding+Negate.swift */; };
		2FE5DC4629EDD7F2004B9AB4 /* Bundle+Image.swift in Sources */ = {isa = PBXBuildFile; fileRef = 2FE5DC4329EDD7F2004B9AB4 /* Bundle+Image.swift */; };
		2FE5DC4729EDD7F2004B9AB4 /* CodableArray+RawRepresentable.swift in Sources */ = {isa = PBXBuildFile; fileRef = 2FE5DC4429EDD7F2004B9AB4 /* CodableArray+RawRepresentable.swift */; };
		2FE5DC4E29EDD7FA004B9AB4 /* ScheduleView.swift in Sources */ = {isa = PBXBuildFile; fileRef = 2FE5DC4829EDD7FA004B9AB4 /* ScheduleView.swift */; };
		2FE5DC4F29EDD7FA004B9AB4 /* EventContext.swift in Sources */ = {isa = PBXBuildFile; fileRef = 2FE5DC4929EDD7FA004B9AB4 /* EventContext.swift */; };
		2FE5DC5029EDD7FA004B9AB4 /* EventContextView.swift in Sources */ = {isa = PBXBuildFile; fileRef = 2FE5DC4A29EDD7FA004B9AB4 /* EventContextView.swift */; };
		2FE5DC5129EDD7FA004B9AB4 /* TemplateApplicationTaskContext.swift in Sources */ = {isa = PBXBuildFile; fileRef = 2FE5DC4B29EDD7FA004B9AB4 /* TemplateApplicationTaskContext.swift */; };
		2FE5DC5229EDD7FA004B9AB4 /* TemplateApplicationScheduler.swift in Sources */ = {isa = PBXBuildFile; fileRef = 2FE5DC4C29EDD7FA004B9AB4 /* TemplateApplicationScheduler.swift */; };
		2FE5DC5329EDD7FA004B9AB4 /* Bundle+Questionnaire.swift in Sources */ = {isa = PBXBuildFile; fileRef = 2FE5DC4D29EDD7FA004B9AB4 /* Bundle+Questionnaire.swift */; };
		2FE5DC6429EDD883004B9AB4 /* SpeziAccount in Frameworks */ = {isa = PBXBuildFile; productRef = 2FE5DC6329EDD883004B9AB4 /* SpeziAccount */; };
		2FE5DC6729EDD894004B9AB4 /* SpeziContact in Frameworks */ = {isa = PBXBuildFile; productRef = 2FE5DC6629EDD894004B9AB4 /* SpeziContact */; };
		2FE5DC7229EDD8D3004B9AB4 /* SpeziHealthKit in Frameworks */ = {isa = PBXBuildFile; productRef = 2FE5DC7129EDD8D3004B9AB4 /* SpeziHealthKit */; };
		2FE5DC7529EDD8E6004B9AB4 /* SpeziFirebaseAccount in Frameworks */ = {isa = PBXBuildFile; productRef = 2FE5DC7429EDD8E6004B9AB4 /* SpeziFirebaseAccount */; };
		2FE5DC7729EDD8E6004B9AB4 /* SpeziFirebaseConfiguration in Frameworks */ = {isa = PBXBuildFile; productRef = 2FE5DC7629EDD8E6004B9AB4 /* SpeziFirebaseConfiguration */; };
		2FE5DC7929EDD8E6004B9AB4 /* SpeziFirestore in Frameworks */ = {isa = PBXBuildFile; productRef = 2FE5DC7829EDD8E6004B9AB4 /* SpeziFirestore */; };
		2FE5DC8429EDD934004B9AB4 /* SpeziQuestionnaire in Frameworks */ = {isa = PBXBuildFile; productRef = 2FE5DC8329EDD934004B9AB4 /* SpeziQuestionnaire */; };
		2FE5DC8A29EDD972004B9AB4 /* SpeziLocalStorage in Frameworks */ = {isa = PBXBuildFile; productRef = 2FE5DC8929EDD972004B9AB4 /* SpeziLocalStorage */; };
		2FE5DC8C29EDD972004B9AB4 /* SpeziSecureStorage in Frameworks */ = {isa = PBXBuildFile; productRef = 2FE5DC8B29EDD972004B9AB4 /* SpeziSecureStorage */; };
		2FE5DC8F29EDD980004B9AB4 /* SpeziViews in Frameworks */ = {isa = PBXBuildFile; productRef = 2FE5DC8E29EDD980004B9AB4 /* SpeziViews */; };
		2FE5DC9929EDD9D9004B9AB4 /* XCTestExtensions in Frameworks */ = {isa = PBXBuildFile; productRef = 2FE5DC9829EDD9D9004B9AB4 /* XCTestExtensions */; };
		2FE5DC9C29EDD9EF004B9AB4 /* XCTHealthKit in Frameworks */ = {isa = PBXBuildFile; productRef = 2FE5DC9B29EDD9EF004B9AB4 /* XCTHealthKit */; };
		2FE5DCB129EE6107004B9AB4 /* AccountOnboarding.swift in Sources */ = {isa = PBXBuildFile; fileRef = 2FE5DCAC29EE6107004B9AB4 /* AccountOnboarding.swift */; };
		2FF53D8B2A8725DE00042B76 /* SpeziMockWebService in Frameworks */ = {isa = PBXBuildFile; productRef = 2FF53D8A2A8725DE00042B76 /* SpeziMockWebService */; };
		2FF53D8D2A8729D600042B76 /* TemplateApplicationStandard.swift in Sources */ = {isa = PBXBuildFile; fileRef = 2FF53D8C2A8729D600042B76 /* TemplateApplicationStandard.swift */; };
		5661551D2AB8384200209B80 /* SwiftPackageList in Frameworks */ = {isa = PBXBuildFile; productRef = 5661551C2AB8384200209B80 /* SwiftPackageList */; };
		566155292AB8447C00209B80 /* Package+LicenseType.swift in Sources */ = {isa = PBXBuildFile; fileRef = 566155282AB8447C00209B80 /* Package+LicenseType.swift */; };
		5661552E2AB854C000209B80 /* PackageHelper.swift in Sources */ = {isa = PBXBuildFile; fileRef = 5661552D2AB854C000209B80 /* PackageHelper.swift */; };
		5680DD392AB8983D004E6D4A /* PackageCell.swift in Sources */ = {isa = PBXBuildFile; fileRef = 5680DD382AB8983D004E6D4A /* PackageCell.swift */; };
		5680DD3E2AB8CD84004E6D4A /* ContributionsTest.swift in Sources */ = {isa = PBXBuildFile; fileRef = 5680DD3D2AB8CD84004E6D4A /* ContributionsTest.swift */; };
		56F6F2A02AB441930022FE5A /* ContributionsList.swift in Sources */ = {isa = PBXBuildFile; fileRef = 56F6F29F2AB441930022FE5A /* ContributionsList.swift */; };
		653A2551283387FE005D4D48 /* TemplateApplication.swift in Sources */ = {isa = PBXBuildFile; fileRef = 653A2550283387FE005D4D48 /* TemplateApplication.swift */; };
		653A255528338800005D4D48 /* Assets.xcassets in Resources */ = {isa = PBXBuildFile; fileRef = 653A255428338800005D4D48 /* Assets.xcassets */; };
		653A256228338800005D4D48 /* TemplateApplicationTests.swift in Sources */ = {isa = PBXBuildFile; fileRef = 653A256128338800005D4D48 /* TemplateApplicationTests.swift */; };
		653A256C28338800005D4D48 /* SchedulerTests.swift in Sources */ = {isa = PBXBuildFile; fileRef = 653A256B28338800005D4D48 /* SchedulerTests.swift */; };
		9733CFC62A8066DE001B7ABC /* SpeziOnboarding in Frameworks */ = {isa = PBXBuildFile; productRef = 2FE5DC8029EDD91D004B9AB4 /* SpeziOnboarding */; };
		9739A0C62AD7B5730084BEA5 /* FirebaseStorage in Frameworks */ = {isa = PBXBuildFile; productRef = 9739A0C52AD7B5730084BEA5 /* FirebaseStorage */; };
		97D73D6A2AD860AD00B47FA0 /* SpeziFirebaseStorage in Frameworks */ = {isa = PBXBuildFile; productRef = 97D73D692AD860AD00B47FA0 /* SpeziFirebaseStorage */; };
		A9720E432ABB68CC00872D23 /* AccountSetupHeader.swift in Sources */ = {isa = PBXBuildFile; fileRef = A9720E422ABB68CC00872D23 /* AccountSetupHeader.swift */; };
		A9D83F962B083794000D0C78 /* SpeziFirebaseAccountStorage in Frameworks */ = {isa = PBXBuildFile; productRef = A9D83F952B083794000D0C78 /* SpeziFirebaseAccountStorage */; };
		A9DFE8A92ABE551400428242 /* AccountButton.swift in Sources */ = {isa = PBXBuildFile; fileRef = A9DFE8A82ABE551400428242 /* AccountButton.swift */; };
		A9FE7AD02AA39BAB0077B045 /* AccountSheet.swift in Sources */ = {isa = PBXBuildFile; fileRef = A9FE7ACF2AA39BAB0077B045 /* AccountSheet.swift */; };
/* End PBXBuildFile section */

/* Begin PBXContainerItemProxy section */
		653A255E28338800005D4D48 /* PBXContainerItemProxy */ = {
			isa = PBXContainerItemProxy;
			containerPortal = 653A2545283387FE005D4D48 /* Project object */;
			proxyType = 1;
			remoteGlobalIDString = 653A254C283387FE005D4D48;
			remoteInfo = TemplateApplication;
		};
		653A256828338800005D4D48 /* PBXContainerItemProxy */ = {
			isa = PBXContainerItemProxy;
			containerPortal = 653A2545283387FE005D4D48 /* Project object */;
			proxyType = 1;
			remoteGlobalIDString = 653A254C283387FE005D4D48;
			remoteInfo = TemplateApplication;
		};
/* End PBXContainerItemProxy section */

/* Begin PBXFileReference section */
		27FA298F2A388E9B009CAC45 /* ModalView.swift */ = {isa = PBXFileReference; lastKnownFileType = sourcecode.swift; path = ModalView.swift; sourceTree = "<group>"; };
		2F1AC9DE2B4E840E00C24973 /* TemplateApplication.docc */ = {isa = PBXFileReference; lastKnownFileType = folder.documentationcatalog; path = TemplateApplication.docc; sourceTree = "<group>"; };
		2F1B52CD2A4F5CCE003AE151 /* MockUploadTests.swift */ = {isa = PBXFileReference; lastKnownFileType = sourcecode.swift; path = MockUploadTests.swift; sourceTree = "<group>"; };
		2F4E237D2989A2FE0013F3D9 /* OnboardingTests.swift */ = {isa = PBXFileReference; lastKnownFileType = sourcecode.swift; path = OnboardingTests.swift; sourceTree = "<group>"; };
		2F4E23822989D51F0013F3D9 /* TemplateApplicationTestingSetup.swift */ = {isa = PBXFileReference; lastKnownFileType = sourcecode.swift; path = TemplateApplicationTestingSetup.swift; sourceTree = "<group>"; };
		2F4E23862989DB360013F3D9 /* ContactsTests.swift */ = {isa = PBXFileReference; lastKnownFileType = sourcecode.swift; path = ContactsTests.swift; sourceTree = "<group>"; };
		2F4FC8D629EE69D300BFFE26 /* MockUpload.swift */ = {isa = PBXFileReference; lastKnownFileType = sourcecode.swift; path = MockUpload.swift; sourceTree = "<group>"; };
		2F5E32BC297E05EA003432F8 /* TemplateApplicationDelegate.swift */ = {isa = PBXFileReference; lastKnownFileType = sourcecode.swift; path = TemplateApplicationDelegate.swift; sourceTree = "<group>"; };
		2F6025CA29BBE70F0045459E /* GoogleService-Info.plist */ = {isa = PBXFileReference; fileEncoding = 4; lastKnownFileType = text.plist.xml; path = "GoogleService-Info.plist"; sourceTree = "<group>"; };
		2F65B44D2A3B8B0600A36932 /* NotificationPermissions.swift */ = {isa = PBXFileReference; lastKnownFileType = sourcecode.swift; path = NotificationPermissions.swift; sourceTree = "<group>"; };
		2FA0BFEC2ACC977500E0EF83 /* Localizable.xcstrings */ = {isa = PBXFileReference; lastKnownFileType = text.json.xcstrings; path = Localizable.xcstrings; sourceTree = "<group>"; };
		2FAEC07F297F583900C11C42 /* TemplateApplication.entitlements */ = {isa = PBXFileReference; lastKnownFileType = text.plist.entitlements; path = TemplateApplication.entitlements; sourceTree = "<group>"; };
		2FC94CD4298B0A1D009C8209 /* TemplateApplication.xctestplan */ = {isa = PBXFileReference; lastKnownFileType = text; path = TemplateApplication.xctestplan; sourceTree = "<group>"; };
		2FC975A72978F11A00BA99FE /* Home.swift */ = {isa = PBXFileReference; lastKnownFileType = sourcecode.swift; path = Home.swift; sourceTree = "<group>"; };
		2FE5DC2529EDD38A004B9AB4 /* Contacts.swift */ = {isa = PBXFileReference; lastKnownFileType = sourcecode.swift; path = Contacts.swift; sourceTree = "<group>"; };
		2FE5DC2A29EDD78D004B9AB4 /* AppIcon.png */ = {isa = PBXFileReference; lastKnownFileType = image.png; path = AppIcon.png; sourceTree = "<group>"; };
		2FE5DC2C29EDD78E004B9AB4 /* ConsentDocument.md */ = {isa = PBXFileReference; lastKnownFileType = net.daringfireball.markdown; path = ConsentDocument.md; sourceTree = "<group>"; };
		2FE5DC2F29EDD7CA004B9AB4 /* Consent.swift */ = {isa = PBXFileReference; fileEncoding = 4; lastKnownFileType = sourcecode.swift; path = Consent.swift; sourceTree = "<group>"; };
		2FE5DC3029EDD7CA004B9AB4 /* HealthKitPermissions.swift */ = {isa = PBXFileReference; fileEncoding = 4; lastKnownFileType = sourcecode.swift; path = HealthKitPermissions.swift; sourceTree = "<group>"; };
		2FE5DC3129EDD7CA004B9AB4 /* OnboardingFlow.swift */ = {isa = PBXFileReference; fileEncoding = 4; lastKnownFileType = sourcecode.swift; path = OnboardingFlow.swift; sourceTree = "<group>"; };
		2FE5DC3229EDD7CA004B9AB4 /* InterestingModules.swift */ = {isa = PBXFileReference; fileEncoding = 4; lastKnownFileType = sourcecode.swift; path = InterestingModules.swift; sourceTree = "<group>"; };
		2FE5DC3429EDD7CA004B9AB4 /* Welcome.swift */ = {isa = PBXFileReference; fileEncoding = 4; lastKnownFileType = sourcecode.swift; path = Welcome.swift; sourceTree = "<group>"; };
		2FE5DC3E29EDD7ED004B9AB4 /* FeatureFlags.swift */ = {isa = PBXFileReference; fileEncoding = 4; lastKnownFileType = sourcecode.swift; path = FeatureFlags.swift; sourceTree = "<group>"; };
		2FE5DC3F29EDD7EE004B9AB4 /* StorageKeys.swift */ = {isa = PBXFileReference; fileEncoding = 4; lastKnownFileType = sourcecode.swift; path = StorageKeys.swift; sourceTree = "<group>"; };
		2FE5DC4229EDD7F2004B9AB4 /* Binding+Negate.swift */ = {isa = PBXFileReference; fileEncoding = 4; lastKnownFileType = sourcecode.swift; path = "Binding+Negate.swift"; sourceTree = "<group>"; };
		2FE5DC4329EDD7F2004B9AB4 /* Bundle+Image.swift */ = {isa = PBXFileReference; fileEncoding = 4; lastKnownFileType = sourcecode.swift; path = "Bundle+Image.swift"; sourceTree = "<group>"; };
		2FE5DC4429EDD7F2004B9AB4 /* CodableArray+RawRepresentable.swift */ = {isa = PBXFileReference; fileEncoding = 4; lastKnownFileType = sourcecode.swift; path = "CodableArray+RawRepresentable.swift"; sourceTree = "<group>"; };
		2FE5DC4829EDD7FA004B9AB4 /* ScheduleView.swift */ = {isa = PBXFileReference; fileEncoding = 4; lastKnownFileType = sourcecode.swift; path = ScheduleView.swift; sourceTree = "<group>"; };
		2FE5DC4929EDD7FA004B9AB4 /* EventContext.swift */ = {isa = PBXFileReference; fileEncoding = 4; lastKnownFileType = sourcecode.swift; path = EventContext.swift; sourceTree = "<group>"; };
		2FE5DC4A29EDD7FA004B9AB4 /* EventContextView.swift */ = {isa = PBXFileReference; fileEncoding = 4; lastKnownFileType = sourcecode.swift; path = EventContextView.swift; sourceTree = "<group>"; };
		2FE5DC4B29EDD7FA004B9AB4 /* TemplateApplicationTaskContext.swift */ = {isa = PBXFileReference; fileEncoding = 4; lastKnownFileType = sourcecode.swift; path = TemplateApplicationTaskContext.swift; sourceTree = "<group>"; };
		2FE5DC4C29EDD7FA004B9AB4 /* TemplateApplicationScheduler.swift */ = {isa = PBXFileReference; fileEncoding = 4; lastKnownFileType = sourcecode.swift; path = TemplateApplicationScheduler.swift; sourceTree = "<group>"; };
		2FE5DC4D29EDD7FA004B9AB4 /* Bundle+Questionnaire.swift */ = {isa = PBXFileReference; fileEncoding = 4; lastKnownFileType = sourcecode.swift; path = "Bundle+Questionnaire.swift"; sourceTree = "<group>"; };
		2FE5DC5529EDD811004B9AB4 /* SocialSupportQuestionnaire.json */ = {isa = PBXFileReference; lastKnownFileType = text.json; path = SocialSupportQuestionnaire.json; sourceTree = "<group>"; };
		2FE5DCAC29EE6107004B9AB4 /* AccountOnboarding.swift */ = {isa = PBXFileReference; fileEncoding = 4; lastKnownFileType = sourcecode.swift; path = AccountOnboarding.swift; sourceTree = "<group>"; };
		2FF53D8C2A8729D600042B76 /* TemplateApplicationStandard.swift */ = {isa = PBXFileReference; fileEncoding = 4; lastKnownFileType = sourcecode.swift; path = TemplateApplicationStandard.swift; sourceTree = "<group>"; };
		566155282AB8447C00209B80 /* Package+LicenseType.swift */ = {isa = PBXFileReference; lastKnownFileType = sourcecode.swift; path = "Package+LicenseType.swift"; sourceTree = "<group>"; };
		5661552D2AB854C000209B80 /* PackageHelper.swift */ = {isa = PBXFileReference; lastKnownFileType = sourcecode.swift; path = PackageHelper.swift; sourceTree = "<group>"; };
		5680DD382AB8983D004E6D4A /* PackageCell.swift */ = {isa = PBXFileReference; lastKnownFileType = sourcecode.swift; path = PackageCell.swift; sourceTree = "<group>"; };
		5680DD3D2AB8CD84004E6D4A /* ContributionsTest.swift */ = {isa = PBXFileReference; lastKnownFileType = sourcecode.swift; path = ContributionsTest.swift; sourceTree = "<group>"; };
		56F6F29F2AB441930022FE5A /* ContributionsList.swift */ = {isa = PBXFileReference; lastKnownFileType = sourcecode.swift; path = ContributionsList.swift; sourceTree = "<group>"; };
		653A254D283387FE005D4D48 /* TemplateApplication.app */ = {isa = PBXFileReference; explicitFileType = wrapper.application; includeInIndex = 0; path = TemplateApplication.app; sourceTree = BUILT_PRODUCTS_DIR; };
		653A2550283387FE005D4D48 /* TemplateApplication.swift */ = {isa = PBXFileReference; lastKnownFileType = sourcecode.swift; path = TemplateApplication.swift; sourceTree = "<group>"; };
		653A255428338800005D4D48 /* Assets.xcassets */ = {isa = PBXFileReference; lastKnownFileType = folder.assetcatalog; path = Assets.xcassets; sourceTree = "<group>"; };
		653A255D28338800005D4D48 /* TemplateApplicationTests.xctest */ = {isa = PBXFileReference; explicitFileType = wrapper.cfbundle; includeInIndex = 0; path = TemplateApplicationTests.xctest; sourceTree = BUILT_PRODUCTS_DIR; };
		653A256128338800005D4D48 /* TemplateApplicationTests.swift */ = {isa = PBXFileReference; lastKnownFileType = sourcecode.swift; path = TemplateApplicationTests.swift; sourceTree = "<group>"; };
		653A256728338800005D4D48 /* TemplateApplicationUITests.xctest */ = {isa = PBXFileReference; explicitFileType = wrapper.cfbundle; includeInIndex = 0; path = TemplateApplicationUITests.xctest; sourceTree = BUILT_PRODUCTS_DIR; };
		653A256B28338800005D4D48 /* SchedulerTests.swift */ = {isa = PBXFileReference; lastKnownFileType = sourcecode.swift; path = SchedulerTests.swift; sourceTree = "<group>"; };
		653A258928339462005D4D48 /* Info.plist */ = {isa = PBXFileReference; lastKnownFileType = text.plist.xml; path = Info.plist; sourceTree = "<group>"; };
		A9720E422ABB68CC00872D23 /* AccountSetupHeader.swift */ = {isa = PBXFileReference; lastKnownFileType = sourcecode.swift; path = AccountSetupHeader.swift; sourceTree = "<group>"; };
		A9DFE8A82ABE551400428242 /* AccountButton.swift */ = {isa = PBXFileReference; lastKnownFileType = sourcecode.swift; path = AccountButton.swift; sourceTree = "<group>"; };
		A9FE7ACF2AA39BAB0077B045 /* AccountSheet.swift */ = {isa = PBXFileReference; lastKnownFileType = sourcecode.swift; path = AccountSheet.swift; sourceTree = "<group>"; };
/* End PBXFileReference section */

/* Begin PBXFrameworksBuildPhase section */
		653A254A283387FE005D4D48 /* Frameworks */ = {
			isa = PBXFrameworksBuildPhase;
			buildActionMask = 2147483647;
			files = (
				9733CFC62A8066DE001B7ABC /* SpeziOnboarding in Frameworks */,
				2FE5DC6429EDD883004B9AB4 /* SpeziAccount in Frameworks */,
				2FB099AF2A875DF100B20952 /* FirebaseAuth in Frameworks */,
				97D73D6A2AD860AD00B47FA0 /* SpeziFirebaseStorage in Frameworks */,
				2FE5DC6729EDD894004B9AB4 /* SpeziContact in Frameworks */,
				2FE5DC8429EDD934004B9AB4 /* SpeziQuestionnaire in Frameworks */,
				2FB099B32A875DF100B20952 /* FirebaseFirestoreSwift in Frameworks */,
				5661551D2AB8384200209B80 /* SwiftPackageList in Frameworks */,
				2FB099B12A875DF100B20952 /* FirebaseFirestore in Frameworks */,
				A9D83F962B083794000D0C78 /* SpeziFirebaseAccountStorage in Frameworks */,
				2FB099B62A875E2B00B20952 /* HealthKitOnFHIR in Frameworks */,
				2FE5DC8A29EDD972004B9AB4 /* SpeziLocalStorage in Frameworks */,
				2FE5DC8C29EDD972004B9AB4 /* SpeziSecureStorage in Frameworks */,
				2FE5DC7529EDD8E6004B9AB4 /* SpeziFirebaseAccount in Frameworks */,
				9739A0C62AD7B5730084BEA5 /* FirebaseStorage in Frameworks */,
				2FF53D8B2A8725DE00042B76 /* SpeziMockWebService in Frameworks */,
				2FE5DC7229EDD8D3004B9AB4 /* SpeziHealthKit in Frameworks */,
				2F49B7762980407C00BCB272 /* Spezi in Frameworks */,
				2FE5DC8F29EDD980004B9AB4 /* SpeziViews in Frameworks */,
				2F3D4ABC2A4E7C290068FB2F /* SpeziScheduler in Frameworks */,
				2FBD738C2A3BD150004228E7 /* SpeziScheduler in Frameworks */,
				2FE5DC7929EDD8E6004B9AB4 /* SpeziFirestore in Frameworks */,
				2FE5DC7729EDD8E6004B9AB4 /* SpeziFirebaseConfiguration in Frameworks */,
			);
			runOnlyForDeploymentPostprocessing = 0;
		};
		653A255A28338800005D4D48 /* Frameworks */ = {
			isa = PBXFrameworksBuildPhase;
			buildActionMask = 2147483647;
			files = (
			);
			runOnlyForDeploymentPostprocessing = 0;
		};
		653A256428338800005D4D48 /* Frameworks */ = {
			isa = PBXFrameworksBuildPhase;
			buildActionMask = 2147483647;
			files = (
				2FE5DC9929EDD9D9004B9AB4 /* XCTestExtensions in Frameworks */,
				2FE5DC9C29EDD9EF004B9AB4 /* XCTHealthKit in Frameworks */,
			);
			runOnlyForDeploymentPostprocessing = 0;
		};
/* End PBXFrameworksBuildPhase section */

/* Begin PBXGroup section */
		2F4FC8D529EE69BE00BFFE26 /* MockUpload */ = {
			isa = PBXGroup;
			children = (
				2F4FC8D629EE69D300BFFE26 /* MockUpload.swift */,
			);
			path = MockUpload;
			sourceTree = "<group>";
		};
		2FC9759D2978E30800BA99FE /* Supporting Files */ = {
			isa = PBXGroup;
			children = (
				2FAEC07F297F583900C11C42 /* TemplateApplication.entitlements */,
				653A258928339462005D4D48 /* Info.plist */,
				2F6025CA29BBE70F0045459E /* GoogleService-Info.plist */,
				2F1AC9DE2B4E840E00C24973 /* TemplateApplication.docc */,
			);
			path = "Supporting Files";
			sourceTree = "<group>";
		};
		2FE5DC2729EDD38D004B9AB4 /* Contacts */ = {
			isa = PBXGroup;
			children = (
				2FE5DC2529EDD38A004B9AB4 /* Contacts.swift */,
			);
			path = Contacts;
			sourceTree = "<group>";
		};
		2FE5DC2829EDD398004B9AB4 /* Onboarding */ = {
			isa = PBXGroup;
			children = (
				2FE5DC3129EDD7CA004B9AB4 /* OnboardingFlow.swift */,
				2FE5DC3429EDD7CA004B9AB4 /* Welcome.swift */,
				2FE5DC3229EDD7CA004B9AB4 /* InterestingModules.swift */,
				2FE5DCAC29EE6107004B9AB4 /* AccountOnboarding.swift */,
				2FE5DC2F29EDD7CA004B9AB4 /* Consent.swift */,
				2FE5DC3029EDD7CA004B9AB4 /* HealthKitPermissions.swift */,
				2F65B44D2A3B8B0600A36932 /* NotificationPermissions.swift */,
			);
			path = Onboarding;
			sourceTree = "<group>";
		};
		2FE5DC2D29EDD792004B9AB4 /* Resources */ = {
			isa = PBXGroup;
			children = (
				653A255428338800005D4D48 /* Assets.xcassets */,
				2FA0BFEC2ACC977500E0EF83 /* Localizable.xcstrings */,
				2FE5DC2C29EDD78E004B9AB4 /* ConsentDocument.md */,
				2FE5DC2A29EDD78D004B9AB4 /* AppIcon.png */,
				2FE5DC5529EDD811004B9AB4 /* SocialSupportQuestionnaire.json */,
			);
			path = Resources;
			sourceTree = "<group>";
		};
		2FE5DC3B29EDD7D0004B9AB4 /* Schedule */ = {
			isa = PBXGroup;
			children = (
				2FE5DC4D29EDD7FA004B9AB4 /* Bundle+Questionnaire.swift */,
				2FE5DC4929EDD7FA004B9AB4 /* EventContext.swift */,
				2FE5DC4A29EDD7FA004B9AB4 /* EventContextView.swift */,
				2FE5DC4829EDD7FA004B9AB4 /* ScheduleView.swift */,
				2FE5DC4C29EDD7FA004B9AB4 /* TemplateApplicationScheduler.swift */,
				2FE5DC4B29EDD7FA004B9AB4 /* TemplateApplicationTaskContext.swift */,
				27FA298F2A388E9B009CAC45 /* ModalView.swift */,
			);
			path = Schedule;
			sourceTree = "<group>";
		};
		2FE5DC3C29EDD7DA004B9AB4 /* SharedContext */ = {
			isa = PBXGroup;
			children = (
				2FE5DC3E29EDD7ED004B9AB4 /* FeatureFlags.swift */,
				2FE5DC3F29EDD7EE004B9AB4 /* StorageKeys.swift */,
			);
			path = SharedContext;
			sourceTree = "<group>";
		};
		2FE5DC3D29EDD7E4004B9AB4 /* Helper */ = {
			isa = PBXGroup;
			children = (
				2FE5DC4229EDD7F2004B9AB4 /* Binding+Negate.swift */,
				2FE5DC4329EDD7F2004B9AB4 /* Bundle+Image.swift */,
				2FE5DC4429EDD7F2004B9AB4 /* CodableArray+RawRepresentable.swift */,
			);
			path = Helper;
			sourceTree = "<group>";
		};
		56F6F29E2AB441640022FE5A /* Contributions */ = {
			isa = PBXGroup;
			children = (
				56F6F29F2AB441930022FE5A /* ContributionsList.swift */,
				5680DD382AB8983D004E6D4A /* PackageCell.swift */,
				566155282AB8447C00209B80 /* Package+LicenseType.swift */,
				5661552D2AB854C000209B80 /* PackageHelper.swift */,
			);
			path = Contributions;
			sourceTree = "<group>";
		};
		653A2544283387FE005D4D48 = {
			isa = PBXGroup;
			children = (
				2FC94CD4298B0A1D009C8209 /* TemplateApplication.xctestplan */,
				653A254F283387FE005D4D48 /* TemplateApplication */,
				653A256028338800005D4D48 /* TemplateApplicationTests */,
				653A256A28338800005D4D48 /* TemplateApplicationUITests */,
				653A254E283387FE005D4D48 /* Products */,
				653A258B283395A7005D4D48 /* Frameworks */,
			);
			sourceTree = "<group>";
		};
		653A254E283387FE005D4D48 /* Products */ = {
			isa = PBXGroup;
			children = (
				653A254D283387FE005D4D48 /* TemplateApplication.app */,
				653A255D28338800005D4D48 /* TemplateApplicationTests.xctest */,
				653A256728338800005D4D48 /* TemplateApplicationUITests.xctest */,
			);
			name = Products;
			sourceTree = "<group>";
		};
		653A254F283387FE005D4D48 /* TemplateApplication */ = {
			isa = PBXGroup;
			children = (
				653A2550283387FE005D4D48 /* TemplateApplication.swift */,
				2F5E32BC297E05EA003432F8 /* TemplateApplicationDelegate.swift */,
				2FF53D8C2A8729D600042B76 /* TemplateApplicationStandard.swift */,
				2F4E23822989D51F0013F3D9 /* TemplateApplicationTestingSetup.swift */,
				2FC975A72978F11A00BA99FE /* Home.swift */,
				A9720E412ABB68B300872D23 /* Account */,
				2FE5DC2829EDD398004B9AB4 /* Onboarding */,
				2FE5DC3B29EDD7D0004B9AB4 /* Schedule */,
				2FE5DC2729EDD38D004B9AB4 /* Contacts */,
				56F6F29E2AB441640022FE5A /* Contributions */,
				2F4FC8D529EE69BE00BFFE26 /* MockUpload */,
				2FE5DC3C29EDD7DA004B9AB4 /* SharedContext */,
				2FE5DC3D29EDD7E4004B9AB4 /* Helper */,
				2FE5DC2D29EDD792004B9AB4 /* Resources */,
				2FC9759D2978E30800BA99FE /* Supporting Files */,
			);
			path = TemplateApplication;
			sourceTree = "<group>";
		};
		653A256028338800005D4D48 /* TemplateApplicationTests */ = {
			isa = PBXGroup;
			children = (
				653A256128338800005D4D48 /* TemplateApplicationTests.swift */,
			);
			path = TemplateApplicationTests;
			sourceTree = "<group>";
		};
		653A256A28338800005D4D48 /* TemplateApplicationUITests */ = {
			isa = PBXGroup;
			children = (
				2F4E237D2989A2FE0013F3D9 /* OnboardingTests.swift */,
				653A256B28338800005D4D48 /* SchedulerTests.swift */,
				2F4E23862989DB360013F3D9 /* ContactsTests.swift */,
				2F1B52CD2A4F5CCE003AE151 /* MockUploadTests.swift */,
				5680DD3D2AB8CD84004E6D4A /* ContributionsTest.swift */,
			);
			path = TemplateApplicationUITests;
			sourceTree = "<group>";
		};
		653A258B283395A7005D4D48 /* Frameworks */ = {
			isa = PBXGroup;
			children = (
			);
			name = Frameworks;
			sourceTree = "<group>";
		};
		A9720E412ABB68B300872D23 /* Account */ = {
			isa = PBXGroup;
			children = (
				A9FE7ACF2AA39BAB0077B045 /* AccountSheet.swift */,
				A9720E422ABB68CC00872D23 /* AccountSetupHeader.swift */,
				A9DFE8A82ABE551400428242 /* AccountButton.swift */,
			);
			path = Account;
			sourceTree = "<group>";
		};
/* End PBXGroup section */

/* Begin PBXNativeTarget section */
		653A254C283387FE005D4D48 /* TemplateApplication */ = {
			isa = PBXNativeTarget;
			buildConfigurationList = 653A257128338800005D4D48 /* Build configuration list for PBXNativeTarget "TemplateApplication" */;
			buildPhases = (
				653A2549283387FE005D4D48 /* Sources */,
				653A254A283387FE005D4D48 /* Frameworks */,
				653A254B283387FE005D4D48 /* Resources */,
				2F5B528D29BD237B002020B7 /* ShellScript */,
			);
			buildRules = (
			);
			dependencies = (
				566155222AB83CF200209B80 /* PBXTargetDependency */,
			);
			name = TemplateApplication;
			packageProductDependencies = (
				2F49B7752980407B00BCB272 /* Spezi */,
				2FE5DC6329EDD883004B9AB4 /* SpeziAccount */,
				2FE5DC6629EDD894004B9AB4 /* SpeziContact */,
				2FE5DC7129EDD8D3004B9AB4 /* SpeziHealthKit */,
				2FE5DC7429EDD8E6004B9AB4 /* SpeziFirebaseAccount */,
				2FE5DC7629EDD8E6004B9AB4 /* SpeziFirebaseConfiguration */,
				2FE5DC7829EDD8E6004B9AB4 /* SpeziFirestore */,
				2FE5DC8329EDD934004B9AB4 /* SpeziQuestionnaire */,
				2FE5DC8929EDD972004B9AB4 /* SpeziLocalStorage */,
				2FE5DC8B29EDD972004B9AB4 /* SpeziSecureStorage */,
				2FE5DC8E29EDD980004B9AB4 /* SpeziViews */,
				2FBD738B2A3BD150004228E7 /* SpeziScheduler */,
				2F3D4ABB2A4E7C290068FB2F /* SpeziScheduler */,
				2FE5DC8029EDD91D004B9AB4 /* SpeziOnboarding */,
				2FF53D8A2A8725DE00042B76 /* SpeziMockWebService */,
				2FB099AE2A875DF100B20952 /* FirebaseAuth */,
				2FB099B02A875DF100B20952 /* FirebaseFirestore */,
				2FB099B22A875DF100B20952 /* FirebaseFirestoreSwift */,
				2FB099B52A875E2B00B20952 /* HealthKitOnFHIR */,
				5661551C2AB8384200209B80 /* SwiftPackageList */,
				9739A0C52AD7B5730084BEA5 /* FirebaseStorage */,
				97D73D692AD860AD00B47FA0 /* SpeziFirebaseStorage */,
				A9D83F952B083794000D0C78 /* SpeziFirebaseAccountStorage */,
			);
			productName = TemplateApplication;
			productReference = 653A254D283387FE005D4D48 /* TemplateApplication.app */;
			productType = "com.apple.product-type.application";
		};
		653A255C28338800005D4D48 /* TemplateApplicationTests */ = {
			isa = PBXNativeTarget;
			buildConfigurationList = 653A257428338800005D4D48 /* Build configuration list for PBXNativeTarget "TemplateApplicationTests" */;
			buildPhases = (
				653A255928338800005D4D48 /* Sources */,
				653A255A28338800005D4D48 /* Frameworks */,
				653A255B28338800005D4D48 /* Resources */,
			);
			buildRules = (
			);
			dependencies = (
				653A255F28338800005D4D48 /* PBXTargetDependency */,
			);
			name = TemplateApplicationTests;
			productName = TemplateApplicationTests;
			productReference = 653A255D28338800005D4D48 /* TemplateApplicationTests.xctest */;
			productType = "com.apple.product-type.bundle.unit-test";
		};
		653A256628338800005D4D48 /* TemplateApplicationUITests */ = {
			isa = PBXNativeTarget;
			buildConfigurationList = 653A257728338800005D4D48 /* Build configuration list for PBXNativeTarget "TemplateApplicationUITests" */;
			buildPhases = (
				653A256328338800005D4D48 /* Sources */,
				653A256428338800005D4D48 /* Frameworks */,
				653A256528338800005D4D48 /* Resources */,
			);
			buildRules = (
			);
			dependencies = (
				653A256928338800005D4D48 /* PBXTargetDependency */,
			);
			name = TemplateApplicationUITests;
			packageProductDependencies = (
				2FE5DC9829EDD9D9004B9AB4 /* XCTestExtensions */,
				2FE5DC9B29EDD9EF004B9AB4 /* XCTHealthKit */,
			);
			productName = TemplateApplicationUITests;
			productReference = 653A256728338800005D4D48 /* TemplateApplicationUITests.xctest */;
			productType = "com.apple.product-type.bundle.ui-testing";
		};
/* End PBXNativeTarget section */

/* Begin PBXProject section */
		653A2545283387FE005D4D48 /* Project object */ = {
			isa = PBXProject;
			attributes = {
				BuildIndependentTargetsInParallel = 1;
				LastSwiftUpdateCheck = 1340;
				LastUpgradeCheck = 1520;
				TargetAttributes = {
					653A254C283387FE005D4D48 = {
						CreatedOnToolsVersion = 13.4;
					};
					653A255C28338800005D4D48 = {
						CreatedOnToolsVersion = 13.4;
						TestTargetID = 653A254C283387FE005D4D48;
					};
					653A256628338800005D4D48 = {
						CreatedOnToolsVersion = 13.4;
						TestTargetID = 653A254C283387FE005D4D48;
					};
				};
			};
			buildConfigurationList = 653A2548283387FE005D4D48 /* Build configuration list for PBXProject "TemplateApplication" */;
			compatibilityVersion = "Xcode 13.0";
			developmentRegion = en;
			hasScannedForEncodings = 0;
			knownRegions = (
				en,
				Base,
			);
			mainGroup = 653A2544283387FE005D4D48;
			packageReferences = (
				2F49B7742980407B00BCB272 /* XCRemoteSwiftPackageReference "Spezi" */,
				2FE5DC6229EDD883004B9AB4 /* XCRemoteSwiftPackageReference "SpeziAccount" */,
				2FE5DC6529EDD894004B9AB4 /* XCRemoteSwiftPackageReference "SpeziContact" */,
				2FE5DC7029EDD8D3004B9AB4 /* XCRemoteSwiftPackageReference "SpeziHealthKit" */,
				2FE5DC7329EDD8E6004B9AB4 /* XCRemoteSwiftPackageReference "SpeziFirebase" */,
				2FE5DC8229EDD934004B9AB4 /* XCRemoteSwiftPackageReference "SpeziQuestionnaire" */,
				2FE5DC8829EDD972004B9AB4 /* XCRemoteSwiftPackageReference "SpeziStorage" */,
				2FE5DC8D29EDD980004B9AB4 /* XCRemoteSwiftPackageReference "SpeziViews" */,
				2FE5DC9029EDD9C3004B9AB4 /* XCRemoteSwiftPackageReference "firebase-ios-sdk" */,
				2FE5DC9729EDD9D9004B9AB4 /* XCRemoteSwiftPackageReference "XCTestExtensions" */,
				2FE5DC9A29EDD9EF004B9AB4 /* XCRemoteSwiftPackageReference "XCTHealthKit" */,
				2F3D4ABA2A4E7C290068FB2F /* XCRemoteSwiftPackageReference "SpeziScheduler" */,
				97F466E62A76BBEE005DC9B4 /* XCRemoteSwiftPackageReference "SpeziOnboarding" */,
				2FE750CA2A87240100723EAE /* XCRemoteSwiftPackageReference "SpeziMockWebService" */,
				2FB099B42A875E2B00B20952 /* XCRemoteSwiftPackageReference "HealthKitOnFHIR" */,
				5661551B2AB8384200209B80 /* XCRemoteSwiftPackageReference "swift-package-list" */,
			);
			productRefGroup = 653A254E283387FE005D4D48 /* Products */;
			projectDirPath = "";
			projectRoot = "";
			targets = (
				653A254C283387FE005D4D48 /* TemplateApplication */,
				653A255C28338800005D4D48 /* TemplateApplicationTests */,
				653A256628338800005D4D48 /* TemplateApplicationUITests */,
			);
		};
/* End PBXProject section */

/* Begin PBXResourcesBuildPhase section */
		653A254B283387FE005D4D48 /* Resources */ = {
			isa = PBXResourcesBuildPhase;
			buildActionMask = 2147483647;
			files = (
				2FC3439229EE634B002D773C /* ConsentDocument.md in Resources */,
				2FC3439129EE6349002D773C /* AppIcon.png in Resources */,
				653A255528338800005D4D48 /* Assets.xcassets in Resources */,
				2FC3439029EE6346002D773C /* SocialSupportQuestionnaire.json in Resources */,
				2FA0BFED2ACC977500E0EF83 /* Localizable.xcstrings in Resources */,
				2F6025CB29BBE70F0045459E /* GoogleService-Info.plist in Resources */,
			);
			runOnlyForDeploymentPostprocessing = 0;
		};
		653A255B28338800005D4D48 /* Resources */ = {
			isa = PBXResourcesBuildPhase;
			buildActionMask = 2147483647;
			files = (
			);
			runOnlyForDeploymentPostprocessing = 0;
		};
		653A256528338800005D4D48 /* Resources */ = {
			isa = PBXResourcesBuildPhase;
			buildActionMask = 2147483647;
			files = (
			);
			runOnlyForDeploymentPostprocessing = 0;
		};
/* End PBXResourcesBuildPhase section */

/* Begin PBXShellScriptBuildPhase section */
		2F5B528D29BD237B002020B7 /* ShellScript */ = {
			isa = PBXShellScriptBuildPhase;
			alwaysOutOfDate = 1;
			buildActionMask = 2147483647;
			files = (
			);
			inputFileListPaths = (
			);
			inputPaths = (
			);
			outputFileListPaths = (
			);
			outputPaths = (
			);
			runOnlyForDeploymentPostprocessing = 0;
			shellPath = /bin/sh;
			shellScript = "if [ \"${CONFIGURATION}\" = \"Debug\" ]; then\n  export PATH=\"$PATH:/opt/homebrew/bin\"\n  if which swiftlint > /dev/null; then\n    swiftlint\n  else\n    echo \"warning: SwiftLint not installed, download from https://github.com/realm/SwiftLint\"\n  fi\nfi\n";
		};
/* End PBXShellScriptBuildPhase section */

/* Begin PBXSourcesBuildPhase section */
		653A2549283387FE005D4D48 /* Sources */ = {
			isa = PBXSourcesBuildPhase;
			buildActionMask = 2147483647;
			files = (
				2FE5DC4129EDD7EE004B9AB4 /* StorageKeys.swift in Sources */,
				2FE5DCB129EE6107004B9AB4 /* AccountOnboarding.swift in Sources */,
				2F4FC8D729EE69D300BFFE26 /* MockUpload.swift in Sources */,
				2FE5DC3A29EDD7CA004B9AB4 /* Welcome.swift in Sources */,
				2FE5DC3829EDD7CA004B9AB4 /* InterestingModules.swift in Sources */,
				2FE5DC3529EDD7CA004B9AB4 /* Consent.swift in Sources */,
				2FE5DC4529EDD7F2004B9AB4 /* Binding+Negate.swift in Sources */,
				2FC975A82978F11A00BA99FE /* Home.swift in Sources */,
				2FE5DC4E29EDD7FA004B9AB4 /* ScheduleView.swift in Sources */,
				A9DFE8A92ABE551400428242 /* AccountButton.swift in Sources */,
				2FE5DC3729EDD7CA004B9AB4 /* OnboardingFlow.swift in Sources */,
				2F1AC9DF2B4E840E00C24973 /* TemplateApplication.docc in Sources */,
				2FF53D8D2A8729D600042B76 /* TemplateApplicationStandard.swift in Sources */,
				2FE5DC4729EDD7F2004B9AB4 /* CodableArray+RawRepresentable.swift in Sources */,
				A9720E432ABB68CC00872D23 /* AccountSetupHeader.swift in Sources */,
				2FE5DC4029EDD7EE004B9AB4 /* FeatureFlags.swift in Sources */,
				2FE5DC4629EDD7F2004B9AB4 /* Bundle+Image.swift in Sources */,
				2FE5DC4F29EDD7FA004B9AB4 /* EventContext.swift in Sources */,
				2FE5DC5029EDD7FA004B9AB4 /* EventContextView.swift in Sources */,
				2F4E23832989D51F0013F3D9 /* TemplateApplicationTestingSetup.swift in Sources */,
				2FE5DC5329EDD7FA004B9AB4 /* Bundle+Questionnaire.swift in Sources */,
				2FE5DC5129EDD7FA004B9AB4 /* TemplateApplicationTaskContext.swift in Sources */,
				56F6F2A02AB441930022FE5A /* ContributionsList.swift in Sources */,
				566155292AB8447C00209B80 /* Package+LicenseType.swift in Sources */,
				5680DD392AB8983D004E6D4A /* PackageCell.swift in Sources */,
				2F5E32BD297E05EA003432F8 /* TemplateApplicationDelegate.swift in Sources */,
				2FE5DC5229EDD7FA004B9AB4 /* TemplateApplicationScheduler.swift in Sources */,
				A9FE7AD02AA39BAB0077B045 /* AccountSheet.swift in Sources */,
				653A2551283387FE005D4D48 /* TemplateApplication.swift in Sources */,
				2FE5DC3629EDD7CA004B9AB4 /* HealthKitPermissions.swift in Sources */,
				2F65B44E2A3B8B0600A36932 /* NotificationPermissions.swift in Sources */,
				5661552E2AB854C000209B80 /* PackageHelper.swift in Sources */,
				27FA29902A388E9B009CAC45 /* ModalView.swift in Sources */,
				2FE5DC2629EDD38A004B9AB4 /* Contacts.swift in Sources */,
			);
			runOnlyForDeploymentPostprocessing = 0;
		};
		653A255928338800005D4D48 /* Sources */ = {
			isa = PBXSourcesBuildPhase;
			buildActionMask = 2147483647;
			files = (
				653A256228338800005D4D48 /* TemplateApplicationTests.swift in Sources */,
			);
			runOnlyForDeploymentPostprocessing = 0;
		};
		653A256328338800005D4D48 /* Sources */ = {
			isa = PBXSourcesBuildPhase;
			buildActionMask = 2147483647;
			files = (
				5680DD3E2AB8CD84004E6D4A /* ContributionsTest.swift in Sources */,
				2F4E23872989DB360013F3D9 /* ContactsTests.swift in Sources */,
				2F4E237E2989A2FE0013F3D9 /* OnboardingTests.swift in Sources */,
				2F1B52CE2A4F5CCE003AE151 /* MockUploadTests.swift in Sources */,
				653A256C28338800005D4D48 /* SchedulerTests.swift in Sources */,
			);
			runOnlyForDeploymentPostprocessing = 0;
		};
/* End PBXSourcesBuildPhase section */

/* Begin PBXTargetDependency section */
		566155222AB83CF200209B80 /* PBXTargetDependency */ = {
			isa = PBXTargetDependency;
			productRef = 566155212AB83CF200209B80 /* SwiftPackageListJSONPlugin */;
		};
		653A255F28338800005D4D48 /* PBXTargetDependency */ = {
			isa = PBXTargetDependency;
			target = 653A254C283387FE005D4D48 /* TemplateApplication */;
			targetProxy = 653A255E28338800005D4D48 /* PBXContainerItemProxy */;
		};
		653A256928338800005D4D48 /* PBXTargetDependency */ = {
			isa = PBXTargetDependency;
			target = 653A254C283387FE005D4D48 /* TemplateApplication */;
			targetProxy = 653A256828338800005D4D48 /* PBXContainerItemProxy */;
		};
/* End PBXTargetDependency section */

/* Begin XCBuildConfiguration section */
		2FEE10302998C89C000822E1 /* Test */ = {
			isa = XCBuildConfiguration;
			buildSettings = {
				ALWAYS_SEARCH_USER_PATHS = NO;
				ASSETCATALOG_COMPILER_GENERATE_SWIFT_ASSET_SYMBOL_EXTENSIONS = YES;
				CLANG_ANALYZER_NONNULL = YES;
				CLANG_ANALYZER_NUMBER_OBJECT_CONVERSION = YES_AGGRESSIVE;
				CLANG_CXX_LANGUAGE_STANDARD = "gnu++17";
				CLANG_ENABLE_MODULES = YES;
				CLANG_ENABLE_OBJC_ARC = YES;
				CLANG_ENABLE_OBJC_WEAK = YES;
				CLANG_WARN_BLOCK_CAPTURE_AUTORELEASING = YES;
				CLANG_WARN_BOOL_CONVERSION = YES;
				CLANG_WARN_COMMA = YES;
				CLANG_WARN_CONSTANT_CONVERSION = YES;
				CLANG_WARN_DEPRECATED_OBJC_IMPLEMENTATIONS = YES;
				CLANG_WARN_DIRECT_OBJC_ISA_USAGE = YES_ERROR;
				CLANG_WARN_DOCUMENTATION_COMMENTS = YES;
				CLANG_WARN_EMPTY_BODY = YES;
				CLANG_WARN_ENUM_CONVERSION = YES;
				CLANG_WARN_INFINITE_RECURSION = YES;
				CLANG_WARN_INT_CONVERSION = YES;
				CLANG_WARN_NON_LITERAL_NULL_CONVERSION = YES;
				CLANG_WARN_OBJC_IMPLICIT_RETAIN_SELF = YES;
				CLANG_WARN_OBJC_LITERAL_CONVERSION = YES;
				CLANG_WARN_OBJC_ROOT_CLASS = YES_ERROR;
				CLANG_WARN_QUOTED_INCLUDE_IN_FRAMEWORK_HEADER = YES;
				CLANG_WARN_RANGE_LOOP_ANALYSIS = YES;
				CLANG_WARN_STRICT_PROTOTYPES = YES;
				CLANG_WARN_SUSPICIOUS_MOVE = YES;
				CLANG_WARN_UNGUARDED_AVAILABILITY = YES_AGGRESSIVE;
				CLANG_WARN_UNREACHABLE_CODE = YES;
				CLANG_WARN__DUPLICATE_METHOD_MATCH = YES;
				COPY_PHASE_STRIP = NO;
				DEBUG_INFORMATION_FORMAT = dwarf;
				ENABLE_STRICT_OBJC_MSGSEND = YES;
				ENABLE_TESTABILITY = YES;
				ENABLE_USER_SCRIPT_SANDBOXING = NO;
				GCC_C_LANGUAGE_STANDARD = gnu11;
				GCC_DYNAMIC_NO_PIC = NO;
				GCC_NO_COMMON_BLOCKS = YES;
				GCC_OPTIMIZATION_LEVEL = 0;
				GCC_PREPROCESSOR_DEFINITIONS = (
					"DEBUG=1",
					"$(inherited)",
				);
				GCC_WARN_64_TO_32_BIT_CONVERSION = YES;
				GCC_WARN_ABOUT_RETURN_TYPE = YES_ERROR;
				GCC_WARN_UNDECLARED_SELECTOR = YES;
				GCC_WARN_UNINITIALIZED_AUTOS = YES_AGGRESSIVE;
				GCC_WARN_UNUSED_FUNCTION = YES;
				GCC_WARN_UNUSED_VARIABLE = YES;
				IPHONEOS_DEPLOYMENT_TARGET = 17.0;
				LOCALIZATION_PREFERS_STRING_CATALOGS = YES;
				MTL_ENABLE_DEBUG_INFO = INCLUDE_SOURCE;
				MTL_FAST_MATH = YES;
				ONLY_ACTIVE_ARCH = YES;
				SDKROOT = iphoneos;
				SWIFT_ACTIVE_COMPILATION_CONDITIONS = TEST;
				SWIFT_OPTIMIZATION_LEVEL = "-Onone";
			};
			name = Test;
		};
		2FEE10312998C89C000822E1 /* Test */ = {
			isa = XCBuildConfiguration;
			buildSettings = {
				ASSETCATALOG_COMPILER_APPICON_NAME = AppIcon;
				ASSETCATALOG_COMPILER_GLOBAL_ACCENT_COLOR_NAME = AccentColor;
				CODE_SIGN_ENTITLEMENTS = "TemplateApplication/Supporting Files/TemplateApplication.entitlements";
				CODE_SIGN_IDENTITY = "Apple Development";
				CODE_SIGN_STYLE = Automatic;
				CURRENT_PROJECT_VERSION = 1;
				DEVELOPMENT_ASSET_PATHS = "";
				DEVELOPMENT_TEAM = "";
				ENABLE_PREVIEWS = YES;
				GENERATE_INFOPLIST_FILE = YES;
				INFOPLIST_FILE = "TemplateApplication/Supporting Files/Info.plist";
				INFOPLIST_KEY_NSCameraUsageDescription = "This message should never appear. Please adjust this when you start using camera information. We have to put this in here as ResearchKit has the possibility to use it and not putting it here returns an error on AppStore Connect.";
				INFOPLIST_KEY_NSHealthShareUsageDescription = "The Spezi Template Application uses the step count to demonstrate Spezi's integration with HealthKit.";
				INFOPLIST_KEY_NSHealthUpdateUsageDescription = "The Spezi Template Application uses the step count to demonstrate Spezi's integration with HealthKit.";
				INFOPLIST_KEY_NSLocationAlwaysAndWhenInUseUsageDescription = "This message should never appear. Please adjust this when you start using location information. We have to put this in here as ResearchKit has the possibility to use it and not putting it here returns an error on AppStore Connect.";
				INFOPLIST_KEY_NSLocationWhenInUseUsageDescription = "This message should never appear. Please adjust this when you start using location information. We have to put this in here as ResearchKit has the possibility to use it and not putting it here returns an error on AppStore Connect.";
				INFOPLIST_KEY_NSMicrophoneUsageDescription = "This message should never appear. Please adjust this when you start using microphone information. We have to put this in here as ResearchKit has the possibility to use it and not putting it here returns an error on AppStore Connect.";
				INFOPLIST_KEY_NSMotionUsageDescription = "This message should never appear. Please adjust this when you start using motion information. We have to put this in here as ResearchKit has the possibility to use it and not putting it here returns an error on AppStore Connect.";
				INFOPLIST_KEY_NSSpeechRecognitionUsageDescription = "This message should never appear. Please adjust this when you start using speecg information. We have to put this in here as ResearchKit has the possibility to use it and not putting it here returns an error on AppStore Connect.";
				INFOPLIST_KEY_UILaunchScreen_Generation = YES;
				INFOPLIST_KEY_UISupportedInterfaceOrientations = UIInterfaceOrientationPortrait;
				INFOPLIST_KEY_UISupportedInterfaceOrientations_iPad = "UIInterfaceOrientationLandscapeLeft UIInterfaceOrientationLandscapeRight UIInterfaceOrientationPortrait UIInterfaceOrientationPortraitUpsideDown";
				INFOPLIST_KEY_UITemplateApplicationlicationSceneManifest_Generation = YES;
				INFOPLIST_KEY_UITemplateApplicationlicationSupportsIndirectInputEvents = YES;
				IPHONEOS_DEPLOYMENT_TARGET = 17.0;
				LD_RUNPATH_SEARCH_PATHS = (
					"$(inherited)",
					"@executable_path/Frameworks",
				);
				MARKETING_VERSION = 1.0;
				PRODUCT_BUNDLE_IDENTIFIER = edu.stanford.spezi.templateapplication;
				PRODUCT_NAME = "$(TARGET_NAME)";
				PROVISIONING_PROFILE_SPECIFIER = "";
				SUPPORTED_PLATFORMS = "iphoneos iphonesimulator";
				SUPPORTS_MACCATALYST = NO;
				SUPPORTS_MAC_DESIGNED_FOR_IPHONE_IPAD = NO;
				"SWIFT_ELicenseRef-TemplateApplication_LOC_STRINGS" = YES;
				SWIFT_EMIT_LOC_STRINGS = YES;
				SWIFT_VERSION = 5.0;
				TARGETED_DEVICE_FAMILY = 1;
			};
			name = Test;
		};
		2FEE10322998C89C000822E1 /* Test */ = {
			isa = XCBuildConfiguration;
			buildSettings = {
				ALWAYS_EMBED_SWIFT_STANDARD_LIBRARIES = YES;
				BUNDLE_LOADER = "$(TEST_HOST)";
				CODE_SIGN_STYLE = Automatic;
				CURRENT_PROJECT_VERSION = 1;
				DEVELOPMENT_TEAM = 637867499T;
				GENERATE_INFOPLIST_FILE = YES;
				IPHONEOS_DEPLOYMENT_TARGET = 17.0;
				MARKETING_VERSION = 1.0;
				PRODUCT_BUNDLE_IDENTIFIER = edu.stanford.spezi.templateapplication.tests;
				PRODUCT_NAME = "$(TARGET_NAME)";
				"SWIFT_ELicenseRef-TemplateApplication_LOC_STRINGS" = NO;
				SWIFT_VERSION = 5.0;
				TARGETED_DEVICE_FAMILY = "1,2";
				TEST_HOST = "$(BUILT_PRODUCTS_DIR)/TemplateApplication.app/TemplateApplication";
			};
			name = Test;
		};
		2FEE10332998C89C000822E1 /* Test */ = {
			isa = XCBuildConfiguration;
			buildSettings = {
				ALWAYS_EMBED_SWIFT_STANDARD_LIBRARIES = YES;
				CODE_SIGN_STYLE = Automatic;
				CURRENT_PROJECT_VERSION = 1;
				DEVELOPMENT_TEAM = 637867499T;
				GENERATE_INFOPLIST_FILE = YES;
				IPHONEOS_DEPLOYMENT_TARGET = 17.0;
				MARKETING_VERSION = 1.0;
				PRODUCT_BUNDLE_IDENTIFIER = edu.stanford.spezi.templateapplicationuitests;
				PRODUCT_NAME = "$(TARGET_NAME)";
				"SWIFT_ELicenseRef-TemplateApplication_LOC_STRINGS" = NO;
				SWIFT_VERSION = 5.0;
				TARGETED_DEVICE_FAMILY = "1,2";
				TEST_TARGET_NAME = TemplateApplication;
			};
			name = Test;
		};
		653A256F28338800005D4D48 /* Debug */ = {
			isa = XCBuildConfiguration;
			buildSettings = {
				ALWAYS_SEARCH_USER_PATHS = NO;
				ASSETCATALOG_COMPILER_GENERATE_SWIFT_ASSET_SYMBOL_EXTENSIONS = YES;
				CLANG_ANALYZER_NONNULL = YES;
				CLANG_ANALYZER_NUMBER_OBJECT_CONVERSION = YES_AGGRESSIVE;
				CLANG_CXX_LANGUAGE_STANDARD = "gnu++17";
				CLANG_ENABLE_MODULES = YES;
				CLANG_ENABLE_OBJC_ARC = YES;
				CLANG_ENABLE_OBJC_WEAK = YES;
				CLANG_WARN_BLOCK_CAPTURE_AUTORELEASING = YES;
				CLANG_WARN_BOOL_CONVERSION = YES;
				CLANG_WARN_COMMA = YES;
				CLANG_WARN_CONSTANT_CONVERSION = YES;
				CLANG_WARN_DEPRECATED_OBJC_IMPLEMENTATIONS = YES;
				CLANG_WARN_DIRECT_OBJC_ISA_USAGE = YES_ERROR;
				CLANG_WARN_DOCUMENTATION_COMMENTS = YES;
				CLANG_WARN_EMPTY_BODY = YES;
				CLANG_WARN_ENUM_CONVERSION = YES;
				CLANG_WARN_INFINITE_RECURSION = YES;
				CLANG_WARN_INT_CONVERSION = YES;
				CLANG_WARN_NON_LITERAL_NULL_CONVERSION = YES;
				CLANG_WARN_OBJC_IMPLICIT_RETAIN_SELF = YES;
				CLANG_WARN_OBJC_LITERAL_CONVERSION = YES;
				CLANG_WARN_OBJC_ROOT_CLASS = YES_ERROR;
				CLANG_WARN_QUOTED_INCLUDE_IN_FRAMEWORK_HEADER = YES;
				CLANG_WARN_RANGE_LOOP_ANALYSIS = YES;
				CLANG_WARN_STRICT_PROTOTYPES = YES;
				CLANG_WARN_SUSPICIOUS_MOVE = YES;
				CLANG_WARN_UNGUARDED_AVAILABILITY = YES_AGGRESSIVE;
				CLANG_WARN_UNREACHABLE_CODE = YES;
				CLANG_WARN__DUPLICATE_METHOD_MATCH = YES;
				COPY_PHASE_STRIP = NO;
				DEBUG_INFORMATION_FORMAT = dwarf;
				ENABLE_STRICT_OBJC_MSGSEND = YES;
				ENABLE_TESTABILITY = YES;
				ENABLE_USER_SCRIPT_SANDBOXING = NO;
				GCC_C_LANGUAGE_STANDARD = gnu11;
				GCC_DYNAMIC_NO_PIC = NO;
				GCC_NO_COMMON_BLOCKS = YES;
				GCC_OPTIMIZATION_LEVEL = 0;
				GCC_PREPROCESSOR_DEFINITIONS = (
					"DEBUG=1",
					"$(inherited)",
				);
				GCC_WARN_64_TO_32_BIT_CONVERSION = YES;
				GCC_WARN_ABOUT_RETURN_TYPE = YES_ERROR;
				GCC_WARN_UNDECLARED_SELECTOR = YES;
				GCC_WARN_UNINITIALIZED_AUTOS = YES_AGGRESSIVE;
				GCC_WARN_UNUSED_FUNCTION = YES;
				GCC_WARN_UNUSED_VARIABLE = YES;
				IPHONEOS_DEPLOYMENT_TARGET = 17.0;
				LOCALIZATION_PREFERS_STRING_CATALOGS = YES;
				MTL_ENABLE_DEBUG_INFO = INCLUDE_SOURCE;
				MTL_FAST_MATH = YES;
				ONLY_ACTIVE_ARCH = YES;
				SDKROOT = iphoneos;
				SWIFT_ACTIVE_COMPILATION_CONDITIONS = DEBUG;
				SWIFT_OPTIMIZATION_LEVEL = "-Onone";
			};
			name = Debug;
		};
		653A257028338800005D4D48 /* Release */ = {
			isa = XCBuildConfiguration;
			buildSettings = {
				ALWAYS_SEARCH_USER_PATHS = NO;
				ASSETCATALOG_COMPILER_GENERATE_SWIFT_ASSET_SYMBOL_EXTENSIONS = YES;
				CLANG_ANALYZER_NONNULL = YES;
				CLANG_ANALYZER_NUMBER_OBJECT_CONVERSION = YES_AGGRESSIVE;
				CLANG_CXX_LANGUAGE_STANDARD = "gnu++17";
				CLANG_ENABLE_MODULES = YES;
				CLANG_ENABLE_OBJC_ARC = YES;
				CLANG_ENABLE_OBJC_WEAK = YES;
				CLANG_WARN_BLOCK_CAPTURE_AUTORELEASING = YES;
				CLANG_WARN_BOOL_CONVERSION = YES;
				CLANG_WARN_COMMA = YES;
				CLANG_WARN_CONSTANT_CONVERSION = YES;
				CLANG_WARN_DEPRECATED_OBJC_IMPLEMENTATIONS = YES;
				CLANG_WARN_DIRECT_OBJC_ISA_USAGE = YES_ERROR;
				CLANG_WARN_DOCUMENTATION_COMMENTS = YES;
				CLANG_WARN_EMPTY_BODY = YES;
				CLANG_WARN_ENUM_CONVERSION = YES;
				CLANG_WARN_INFINITE_RECURSION = YES;
				CLANG_WARN_INT_CONVERSION = YES;
				CLANG_WARN_NON_LITERAL_NULL_CONVERSION = YES;
				CLANG_WARN_OBJC_IMPLICIT_RETAIN_SELF = YES;
				CLANG_WARN_OBJC_LITERAL_CONVERSION = YES;
				CLANG_WARN_OBJC_ROOT_CLASS = YES_ERROR;
				CLANG_WARN_QUOTED_INCLUDE_IN_FRAMEWORK_HEADER = YES;
				CLANG_WARN_RANGE_LOOP_ANALYSIS = YES;
				CLANG_WARN_STRICT_PROTOTYPES = YES;
				CLANG_WARN_SUSPICIOUS_MOVE = YES;
				CLANG_WARN_UNGUARDED_AVAILABILITY = YES_AGGRESSIVE;
				CLANG_WARN_UNREACHABLE_CODE = YES;
				CLANG_WARN__DUPLICATE_METHOD_MATCH = YES;
				COPY_PHASE_STRIP = NO;
				DEBUG_INFORMATION_FORMAT = "dwarf-with-dsym";
				ENABLE_NS_ASSERTIONS = NO;
				ENABLE_STRICT_OBJC_MSGSEND = YES;
				ENABLE_USER_SCRIPT_SANDBOXING = NO;
				GCC_C_LANGUAGE_STANDARD = gnu11;
				GCC_NO_COMMON_BLOCKS = YES;
				GCC_WARN_64_TO_32_BIT_CONVERSION = YES;
				GCC_WARN_ABOUT_RETURN_TYPE = YES_ERROR;
				GCC_WARN_UNDECLARED_SELECTOR = YES;
				GCC_WARN_UNINITIALIZED_AUTOS = YES_AGGRESSIVE;
				GCC_WARN_UNUSED_FUNCTION = YES;
				GCC_WARN_UNUSED_VARIABLE = YES;
				IPHONEOS_DEPLOYMENT_TARGET = 17.0;
				LOCALIZATION_PREFERS_STRING_CATALOGS = YES;
				MTL_ENABLE_DEBUG_INFO = NO;
				MTL_FAST_MATH = YES;
				SDKROOT = iphoneos;
				SWIFT_COMPILATION_MODE = wholemodule;
				SWIFT_OPTIMIZATION_LEVEL = "-O";
				VALIDATE_PRODUCT = YES;
			};
			name = Release;
		};
		653A257228338800005D4D48 /* Debug */ = {
			isa = XCBuildConfiguration;
			buildSettings = {
				ASSETCATALOG_COMPILER_APPICON_NAME = AppIcon;
				ASSETCATALOG_COMPILER_GLOBAL_ACCENT_COLOR_NAME = AccentColor;
				CODE_SIGN_ENTITLEMENTS = "TemplateApplication/Supporting Files/TemplateApplication.entitlements";
				CODE_SIGN_IDENTITY = "Apple Development";
				CODE_SIGN_STYLE = Automatic;
				CURRENT_PROJECT_VERSION = 1;
				DEVELOPMENT_ASSET_PATHS = "";
				DEVELOPMENT_TEAM = "";
				ENABLE_PREVIEWS = YES;
				GENERATE_INFOPLIST_FILE = YES;
				INFOPLIST_FILE = "TemplateApplication/Supporting Files/Info.plist";
				INFOPLIST_KEY_NSCameraUsageDescription = "This message should never appear. Please adjust this when you start using camera information. We have to put this in here as ResearchKit has the possibility to use it and not putting it here returns an error on AppStore Connect.";
				INFOPLIST_KEY_NSHealthShareUsageDescription = "The Spezi Template Application uses the step count to demonstrate Spezi's integration with HealthKit.";
				INFOPLIST_KEY_NSHealthUpdateUsageDescription = "The Spezi Template Application uses the step count to demonstrate Spezi's integration with HealthKit.";
				INFOPLIST_KEY_NSLocationAlwaysAndWhenInUseUsageDescription = "This message should never appear. Please adjust this when you start using location information. We have to put this in here as ResearchKit has the possibility to use it and not putting it here returns an error on AppStore Connect.";
				INFOPLIST_KEY_NSLocationWhenInUseUsageDescription = "This message should never appear. Please adjust this when you start using location information. We have to put this in here as ResearchKit has the possibility to use it and not putting it here returns an error on AppStore Connect.";
				INFOPLIST_KEY_NSMicrophoneUsageDescription = "This message should never appear. Please adjust this when you start using microphone information. We have to put this in here as ResearchKit has the possibility to use it and not putting it here returns an error on AppStore Connect.";
				INFOPLIST_KEY_NSMotionUsageDescription = "This message should never appear. Please adjust this when you start using motion information. We have to put this in here as ResearchKit has the possibility to use it and not putting it here returns an error on AppStore Connect.";
				INFOPLIST_KEY_NSSpeechRecognitionUsageDescription = "This message should never appear. Please adjust this when you start using speecg information. We have to put this in here as ResearchKit has the possibility to use it and not putting it here returns an error on AppStore Connect.";
				INFOPLIST_KEY_UILaunchScreen_Generation = YES;
				INFOPLIST_KEY_UISupportedInterfaceOrientations = UIInterfaceOrientationPortrait;
				INFOPLIST_KEY_UISupportedInterfaceOrientations_iPad = "UIInterfaceOrientationLandscapeLeft UIInterfaceOrientationLandscapeRight UIInterfaceOrientationPortrait UIInterfaceOrientationPortraitUpsideDown";
				INFOPLIST_KEY_UITemplateApplicationlicationSceneManifest_Generation = YES;
				INFOPLIST_KEY_UITemplateApplicationlicationSupportsIndirectInputEvents = YES;
				IPHONEOS_DEPLOYMENT_TARGET = 17.0;
				LD_RUNPATH_SEARCH_PATHS = (
					"$(inherited)",
					"@executable_path/Frameworks",
				);
				MARKETING_VERSION = 1.0;
				PRODUCT_BUNDLE_IDENTIFIER = edu.stanford.spezi.templateapplication;
				PRODUCT_NAME = "$(TARGET_NAME)";
				PROVISIONING_PROFILE_SPECIFIER = "";
				SUPPORTED_PLATFORMS = "iphoneos iphonesimulator";
				SUPPORTS_MACCATALYST = NO;
				SUPPORTS_MAC_DESIGNED_FOR_IPHONE_IPAD = NO;
				"SWIFT_ELicenseRef-TemplateApplication_LOC_STRINGS" = YES;
				SWIFT_EMIT_LOC_STRINGS = YES;
				SWIFT_VERSION = 5.0;
				TARGETED_DEVICE_FAMILY = 1;
			};
			name = Debug;
		};
		653A257328338800005D4D48 /* Release */ = {
			isa = XCBuildConfiguration;
			buildSettings = {
				ASSETCATALOG_COMPILER_APPICON_NAME = AppIcon;
				ASSETCATALOG_COMPILER_GLOBAL_ACCENT_COLOR_NAME = AccentColor;
				CODE_SIGN_ENTITLEMENTS = "TemplateApplication/Supporting Files/TemplateApplication.entitlements";
				CODE_SIGN_IDENTITY = "Apple Development";
				"CODE_SIGN_IDENTITY[sdk=iphoneos*]" = "iPhone Distribution";
				CODE_SIGN_STYLE = Manual;
				CURRENT_PROJECT_VERSION = 1;
				DEVELOPMENT_ASSET_PATHS = "";
				DEVELOPMENT_TEAM = "";
				"DEVELOPMENT_TEAM[sdk=iphoneos*]" = 637867499T;
				ENABLE_PREVIEWS = YES;
				GENERATE_INFOPLIST_FILE = YES;
				INFOPLIST_FILE = "TemplateApplication/Supporting Files/Info.plist";
				INFOPLIST_KEY_NSCameraUsageDescription = "This message should never appear. Please adjust this when you start using camera information. We have to put this in here as ResearchKit has the possibility to use it and not putting it here returns an error on AppStore Connect.";
				INFOPLIST_KEY_NSHealthShareUsageDescription = "The Spezi Template Application uses the step count to demonstrate Spezi's integration with HealthKit.";
				INFOPLIST_KEY_NSHealthUpdateUsageDescription = "The Spezi Template Application uses the step count to demonstrate Spezi's integration with HealthKit.";
				INFOPLIST_KEY_NSLocationAlwaysAndWhenInUseUsageDescription = "This message should never appear. Please adjust this when you start using location information. We have to put this in here as ResearchKit has the possibility to use it and not putting it here returns an error on AppStore Connect.";
				INFOPLIST_KEY_NSLocationWhenInUseUsageDescription = "This message should never appear. Please adjust this when you start using location information. We have to put this in here as ResearchKit has the possibility to use it and not putting it here returns an error on AppStore Connect.";
				INFOPLIST_KEY_NSMicrophoneUsageDescription = "This message should never appear. Please adjust this when you start using microphone information. We have to put this in here as ResearchKit has the possibility to use it and not putting it here returns an error on AppStore Connect.";
				INFOPLIST_KEY_NSMotionUsageDescription = "This message should never appear. Please adjust this when you start using motion information. We have to put this in here as ResearchKit has the possibility to use it and not putting it here returns an error on AppStore Connect.";
				INFOPLIST_KEY_NSSpeechRecognitionUsageDescription = "This message should never appear. Please adjust this when you start using speecg information. We have to put this in here as ResearchKit has the possibility to use it and not putting it here returns an error on AppStore Connect.";
				INFOPLIST_KEY_UILaunchScreen_Generation = YES;
				INFOPLIST_KEY_UISupportedInterfaceOrientations = UIInterfaceOrientationPortrait;
				INFOPLIST_KEY_UISupportedInterfaceOrientations_iPad = "UIInterfaceOrientationLandscapeLeft UIInterfaceOrientationLandscapeRight UIInterfaceOrientationPortrait UIInterfaceOrientationPortraitUpsideDown";
				INFOPLIST_KEY_UITemplateApplicationlicationSceneManifest_Generation = YES;
				INFOPLIST_KEY_UITemplateApplicationlicationSupportsIndirectInputEvents = YES;
				IPHONEOS_DEPLOYMENT_TARGET = 17.0;
				LD_RUNPATH_SEARCH_PATHS = (
					"$(inherited)",
					"@executable_path/Frameworks",
				);
				MARKETING_VERSION = 1.0;
				PRODUCT_BUNDLE_IDENTIFIER = edu.stanford.spezi.templateapplication;
				PRODUCT_NAME = "$(TARGET_NAME)";
				PROVISIONING_PROFILE_SPECIFIER = "";
				"PROVISIONING_PROFILE_SPECIFIER[sdk=iphoneos*]" = "Spezi Template Application";
				SUPPORTED_PLATFORMS = "iphoneos iphonesimulator";
				SUPPORTS_MACCATALYST = NO;
				SUPPORTS_MAC_DESIGNED_FOR_IPHONE_IPAD = NO;
				"SWIFT_ELicenseRef-TemplateApplication_LOC_STRINGS" = YES;
				SWIFT_EMIT_LOC_STRINGS = YES;
				SWIFT_VERSION = 5.0;
				TARGETED_DEVICE_FAMILY = 1;
			};
			name = Release;
		};
		653A257528338800005D4D48 /* Debug */ = {
			isa = XCBuildConfiguration;
			buildSettings = {
				ALWAYS_EMBED_SWIFT_STANDARD_LIBRARIES = YES;
				BUNDLE_LOADER = "$(TEST_HOST)";
				CODE_SIGN_STYLE = Automatic;
				CURRENT_PROJECT_VERSION = 1;
				DEVELOPMENT_TEAM = 637867499T;
				GENERATE_INFOPLIST_FILE = YES;
				IPHONEOS_DEPLOYMENT_TARGET = 17.0;
				MARKETING_VERSION = 1.0;
				PRODUCT_BUNDLE_IDENTIFIER = edu.stanford.spezi.templateapplication.tests;
				PRODUCT_NAME = "$(TARGET_NAME)";
				"SWIFT_ELicenseRef-TemplateApplication_LOC_STRINGS" = NO;
				SWIFT_VERSION = 5.0;
				TARGETED_DEVICE_FAMILY = "1,2";
				TEST_HOST = "$(BUILT_PRODUCTS_DIR)/TemplateApplication.app/TemplateApplication";
			};
			name = Debug;
		};
		653A257628338800005D4D48 /* Release */ = {
			isa = XCBuildConfiguration;
			buildSettings = {
				ALWAYS_EMBED_SWIFT_STANDARD_LIBRARIES = YES;
				BUNDLE_LOADER = "$(TEST_HOST)";
				CODE_SIGN_STYLE = Automatic;
				CURRENT_PROJECT_VERSION = 1;
				DEVELOPMENT_TEAM = 637867499T;
				GENERATE_INFOPLIST_FILE = YES;
				IPHONEOS_DEPLOYMENT_TARGET = 17.0;
				MARKETING_VERSION = 1.0;
				PRODUCT_BUNDLE_IDENTIFIER = edu.stanford.spezi.templateapplication.tests;
				PRODUCT_NAME = "$(TARGET_NAME)";
				"SWIFT_ELicenseRef-TemplateApplication_LOC_STRINGS" = NO;
				SWIFT_VERSION = 5.0;
				TARGETED_DEVICE_FAMILY = "1,2";
				TEST_HOST = "$(BUILT_PRODUCTS_DIR)/TemplateApplication.app/TemplateApplication";
			};
			name = Release;
		};
		653A257828338800005D4D48 /* Debug */ = {
			isa = XCBuildConfiguration;
			buildSettings = {
				ALWAYS_EMBED_SWIFT_STANDARD_LIBRARIES = YES;
				CODE_SIGN_STYLE = Automatic;
				CURRENT_PROJECT_VERSION = 1;
				DEVELOPMENT_TEAM = 637867499T;
				GENERATE_INFOPLIST_FILE = YES;
				IPHONEOS_DEPLOYMENT_TARGET = 17.0;
				MARKETING_VERSION = 1.0;
				PRODUCT_BUNDLE_IDENTIFIER = edu.stanford.spezi.templateapplicationuitests;
				PRODUCT_NAME = "$(TARGET_NAME)";
				"SWIFT_ELicenseRef-TemplateApplication_LOC_STRINGS" = NO;
				SWIFT_VERSION = 5.0;
				TARGETED_DEVICE_FAMILY = "1,2";
				TEST_TARGET_NAME = TemplateApplication;
			};
			name = Debug;
		};
		653A257928338800005D4D48 /* Release */ = {
			isa = XCBuildConfiguration;
			buildSettings = {
				ALWAYS_EMBED_SWIFT_STANDARD_LIBRARIES = YES;
				CODE_SIGN_STYLE = Automatic;
				CURRENT_PROJECT_VERSION = 1;
				DEVELOPMENT_TEAM = 637867499T;
				GENERATE_INFOPLIST_FILE = YES;
				IPHONEOS_DEPLOYMENT_TARGET = 17.0;
				MARKETING_VERSION = 1.0;
				PRODUCT_BUNDLE_IDENTIFIER = edu.stanford.spezi.templateapplicationuitests;
				PRODUCT_NAME = "$(TARGET_NAME)";
				"SWIFT_ELicenseRef-TemplateApplication_LOC_STRINGS" = NO;
				SWIFT_VERSION = 5.0;
				TARGETED_DEVICE_FAMILY = "1,2";
				TEST_TARGET_NAME = TemplateApplication;
			};
			name = Release;
		};
/* End XCBuildConfiguration section */

/* Begin XCConfigurationList section */
		653A2548283387FE005D4D48 /* Build configuration list for PBXProject "TemplateApplication" */ = {
			isa = XCConfigurationList;
			buildConfigurations = (
				653A256F28338800005D4D48 /* Debug */,
				2FEE10302998C89C000822E1 /* Test */,
				653A257028338800005D4D48 /* Release */,
			);
			defaultConfigurationIsVisible = 0;
			defaultConfigurationName = Release;
		};
		653A257128338800005D4D48 /* Build configuration list for PBXNativeTarget "TemplateApplication" */ = {
			isa = XCConfigurationList;
			buildConfigurations = (
				653A257228338800005D4D48 /* Debug */,
				2FEE10312998C89C000822E1 /* Test */,
				653A257328338800005D4D48 /* Release */,
			);
			defaultConfigurationIsVisible = 0;
			defaultConfigurationName = Release;
		};
		653A257428338800005D4D48 /* Build configuration list for PBXNativeTarget "TemplateApplicationTests" */ = {
			isa = XCConfigurationList;
			buildConfigurations = (
				653A257528338800005D4D48 /* Debug */,
				2FEE10322998C89C000822E1 /* Test */,
				653A257628338800005D4D48 /* Release */,
			);
			defaultConfigurationIsVisible = 0;
			defaultConfigurationName = Release;
		};
		653A257728338800005D4D48 /* Build configuration list for PBXNativeTarget "TemplateApplicationUITests" */ = {
			isa = XCConfigurationList;
			buildConfigurations = (
				653A257828338800005D4D48 /* Debug */,
				2FEE10332998C89C000822E1 /* Test */,
				653A257928338800005D4D48 /* Release */,
			);
			defaultConfigurationIsVisible = 0;
			defaultConfigurationName = Release;
		};
/* End XCConfigurationList section */

/* Begin XCRemoteSwiftPackageReference section */
		2F3D4ABA2A4E7C290068FB2F /* XCRemoteSwiftPackageReference "SpeziScheduler" */ = {
			isa = XCRemoteSwiftPackageReference;
			repositoryURL = "https://github.com/StanfordSpezi/SpeziScheduler.git";
			requirement = {
				kind = upToNextMinorVersion;
				minimumVersion = 0.8.0;
			};
		};
		2F49B7742980407B00BCB272 /* XCRemoteSwiftPackageReference "Spezi" */ = {
			isa = XCRemoteSwiftPackageReference;
			repositoryURL = "https://github.com/StanfordSpezi/Spezi";
			requirement = {
				kind = upToNextMajorVersion;
				minimumVersion = 1.1.0;
			};
		};
		2FB099B42A875E2B00B20952 /* XCRemoteSwiftPackageReference "HealthKitOnFHIR" */ = {
			isa = XCRemoteSwiftPackageReference;
			repositoryURL = "https://github.com/StanfordBDHG/HealthKitOnFHIR.git";
			requirement = {
				kind = upToNextMinorVersion;
				minimumVersion = 0.2.4;
			};
		};
		2FE5DC6229EDD883004B9AB4 /* XCRemoteSwiftPackageReference "SpeziAccount" */ = {
			isa = XCRemoteSwiftPackageReference;
			repositoryURL = "https://github.com/StanfordSpezi/SpeziAccount.git";
			requirement = {
				kind = upToNextMajorVersion;
				minimumVersion = 1.1.0;
			};
		};
		2FE5DC6529EDD894004B9AB4 /* XCRemoteSwiftPackageReference "SpeziContact" */ = {
			isa = XCRemoteSwiftPackageReference;
			repositoryURL = "https://github.com/StanfordSpezi/SpeziContact.git";
			requirement = {
				kind = upToNextMajorVersion;
				minimumVersion = 1.0.0;
			};
		};
		2FE5DC7029EDD8D3004B9AB4 /* XCRemoteSwiftPackageReference "SpeziHealthKit" */ = {
			isa = XCRemoteSwiftPackageReference;
			repositoryURL = "https://github.com/StanfordSpezi/SpeziHealthKit.git";
			requirement = {
				kind = upToNextMinorVersion;
				minimumVersion = 0.5.0;
			};
		};
		2FE5DC7329EDD8E6004B9AB4 /* XCRemoteSwiftPackageReference "SpeziFirebase" */ = {
			isa = XCRemoteSwiftPackageReference;
			repositoryURL = "https://github.com/StanfordSpezi/SpeziFirebase.git";
			requirement = {
				kind = upToNextMajorVersion;
				minimumVersion = 1.0.0;
			};
		};
		2FE5DC8229EDD934004B9AB4 /* XCRemoteSwiftPackageReference "SpeziQuestionnaire" */ = {
			isa = XCRemoteSwiftPackageReference;
			repositoryURL = "https://github.com/StanfordSpezi/SpeziQuestionnaire.git";
			requirement = {
				kind = upToNextMajorVersion;
				minimumVersion = 1.0.0;
			};
		};
		2FE5DC8829EDD972004B9AB4 /* XCRemoteSwiftPackageReference "SpeziStorage" */ = {
			isa = XCRemoteSwiftPackageReference;
			repositoryURL = "https://github.com/StanfordSpezi/SpeziStorage.git";
			requirement = {
				kind = upToNextMajorVersion;
				minimumVersion = 1.0.0;
			};
		};
		2FE5DC8D29EDD980004B9AB4 /* XCRemoteSwiftPackageReference "SpeziViews" */ = {
			isa = XCRemoteSwiftPackageReference;
			repositoryURL = "https://github.com/StanfordSpezi/SpeziViews.git";
			requirement = {
				kind = upToNextMajorVersion;
				minimumVersion = 1.0.0;
			};
		};
		2FE5DC9029EDD9C3004B9AB4 /* XCRemoteSwiftPackageReference "firebase-ios-sdk" */ = {
			isa = XCRemoteSwiftPackageReference;
			repositoryURL = "https://github.com/firebase/firebase-ios-sdk.git";
			requirement = {
				kind = upToNextMajorVersion;
				minimumVersion = 10.17.0;
			};
		};
		2FE5DC9729EDD9D9004B9AB4 /* XCRemoteSwiftPackageReference "XCTestExtensions" */ = {
			isa = XCRemoteSwiftPackageReference;
			repositoryURL = "https://github.com/StanfordBDHG/XCTestExtensions.git";
			requirement = {
				kind = upToNextMinorVersion;
				minimumVersion = 0.4.7;
			};
		};
		2FE5DC9A29EDD9EF004B9AB4 /* XCRemoteSwiftPackageReference "XCTHealthKit" */ = {
			isa = XCRemoteSwiftPackageReference;
			repositoryURL = "https://github.com/StanfordBDHG/XCTHealthKit.git";
			requirement = {
				kind = upToNextMinorVersion;
				minimumVersion = 0.3.5;
			};
		};
		2FE750CA2A87240100723EAE /* XCRemoteSwiftPackageReference "SpeziMockWebService" */ = {
			isa = XCRemoteSwiftPackageReference;
			repositoryURL = "https://github.com/StanfordSpezi/SpeziMockWebService.git";
			requirement = {
				kind = upToNextMajorVersion;
				minimumVersion = 1.0.0;
			};
		};
		5661551B2AB8384200209B80 /* XCRemoteSwiftPackageReference "swift-package-list" */ = {
			isa = XCRemoteSwiftPackageReference;
			repositoryURL = "https://github.com/FelixHerrmann/swift-package-list";
			requirement = {
				kind = upToNextMajorVersion;
				minimumVersion = 3.0.10;
			};
		};
		97F466E62A76BBEE005DC9B4 /* XCRemoteSwiftPackageReference "SpeziOnboarding" */ = {
			isa = XCRemoteSwiftPackageReference;
			repositoryURL = "https://github.com/StanfordSpezi/SpeziOnboarding";
			requirement = {
				kind = upToNextMajorVersion;
				minimumVersion = 1.0.0;
			};
		};
/* End XCRemoteSwiftPackageReference section */

/* Begin XCSwiftPackageProductDependency section */
		2F3D4ABB2A4E7C290068FB2F /* SpeziScheduler */ = {
			isa = XCSwiftPackageProductDependency;
			package = 2F3D4ABA2A4E7C290068FB2F /* XCRemoteSwiftPackageReference "SpeziScheduler" */;
			productName = SpeziScheduler;
		};
		2F49B7752980407B00BCB272 /* Spezi */ = {
			isa = XCSwiftPackageProductDependency;
			package = 2F49B7742980407B00BCB272 /* XCRemoteSwiftPackageReference "Spezi" */;
			productName = Spezi;
		};
		2FB099AE2A875DF100B20952 /* FirebaseAuth */ = {
			isa = XCSwiftPackageProductDependency;
			package = 2FE5DC9029EDD9C3004B9AB4 /* XCRemoteSwiftPackageReference "firebase-ios-sdk" */;
			productName = FirebaseAuth;
		};
		2FB099B02A875DF100B20952 /* FirebaseFirestore */ = {
			isa = XCSwiftPackageProductDependency;
			package = 2FE5DC9029EDD9C3004B9AB4 /* XCRemoteSwiftPackageReference "firebase-ios-sdk" */;
			productName = FirebaseFirestore;
		};
		2FB099B22A875DF100B20952 /* FirebaseFirestoreSwift */ = {
			isa = XCSwiftPackageProductDependency;
			package = 2FE5DC9029EDD9C3004B9AB4 /* XCRemoteSwiftPackageReference "firebase-ios-sdk" */;
			productName = FirebaseFirestoreSwift;
		};
		2FB099B52A875E2B00B20952 /* HealthKitOnFHIR */ = {
			isa = XCSwiftPackageProductDependency;
			package = 2FB099B42A875E2B00B20952 /* XCRemoteSwiftPackageReference "HealthKitOnFHIR" */;
			productName = HealthKitOnFHIR;
		};
		2FBD738B2A3BD150004228E7 /* SpeziScheduler */ = {
			isa = XCSwiftPackageProductDependency;
			productName = SpeziScheduler;
		};
		2FE5DC6329EDD883004B9AB4 /* SpeziAccount */ = {
			isa = XCSwiftPackageProductDependency;
			package = 2FE5DC6229EDD883004B9AB4 /* XCRemoteSwiftPackageReference "SpeziAccount" */;
			productName = SpeziAccount;
		};
		2FE5DC6629EDD894004B9AB4 /* SpeziContact */ = {
			isa = XCSwiftPackageProductDependency;
			package = 2FE5DC6529EDD894004B9AB4 /* XCRemoteSwiftPackageReference "SpeziContact" */;
			productName = SpeziContact;
		};
		2FE5DC7129EDD8D3004B9AB4 /* SpeziHealthKit */ = {
			isa = XCSwiftPackageProductDependency;
			package = 2FE5DC7029EDD8D3004B9AB4 /* XCRemoteSwiftPackageReference "SpeziHealthKit" */;
			productName = SpeziHealthKit;
		};
		2FE5DC7429EDD8E6004B9AB4 /* SpeziFirebaseAccount */ = {
			isa = XCSwiftPackageProductDependency;
			package = 2FE5DC7329EDD8E6004B9AB4 /* XCRemoteSwiftPackageReference "SpeziFirebase" */;
			productName = SpeziFirebaseAccount;
		};
		2FE5DC7629EDD8E6004B9AB4 /* SpeziFirebaseConfiguration */ = {
			isa = XCSwiftPackageProductDependency;
			package = 2FE5DC7329EDD8E6004B9AB4 /* XCRemoteSwiftPackageReference "SpeziFirebase" */;
			productName = SpeziFirebaseConfiguration;
		};
		2FE5DC7829EDD8E6004B9AB4 /* SpeziFirestore */ = {
			isa = XCSwiftPackageProductDependency;
			package = 2FE5DC7329EDD8E6004B9AB4 /* XCRemoteSwiftPackageReference "SpeziFirebase" */;
			productName = SpeziFirestore;
		};
		2FE5DC8029EDD91D004B9AB4 /* SpeziOnboarding */ = {
			isa = XCSwiftPackageProductDependency;
			package = 97F466E62A76BBEE005DC9B4 /* XCRemoteSwiftPackageReference "SpeziOnboarding" */;
			productName = SpeziOnboarding;
		};
		2FE5DC8329EDD934004B9AB4 /* SpeziQuestionnaire */ = {
			isa = XCSwiftPackageProductDependency;
			package = 2FE5DC8229EDD934004B9AB4 /* XCRemoteSwiftPackageReference "SpeziQuestionnaire" */;
			productName = SpeziQuestionnaire;
		};
		2FE5DC8929EDD972004B9AB4 /* SpeziLocalStorage */ = {
			isa = XCSwiftPackageProductDependency;
			package = 2FE5DC8829EDD972004B9AB4 /* XCRemoteSwiftPackageReference "SpeziStorage" */;
			productName = SpeziLocalStorage;
		};
		2FE5DC8B29EDD972004B9AB4 /* SpeziSecureStorage */ = {
			isa = XCSwiftPackageProductDependency;
			package = 2FE5DC8829EDD972004B9AB4 /* XCRemoteSwiftPackageReference "SpeziStorage" */;
			productName = SpeziSecureStorage;
		};
		2FE5DC8E29EDD980004B9AB4 /* SpeziViews */ = {
			isa = XCSwiftPackageProductDependency;
			package = 2FE5DC8D29EDD980004B9AB4 /* XCRemoteSwiftPackageReference "SpeziViews" */;
			productName = SpeziViews;
		};
		2FE5DC9829EDD9D9004B9AB4 /* XCTestExtensions */ = {
			isa = XCSwiftPackageProductDependency;
			package = 2FE5DC9729EDD9D9004B9AB4 /* XCRemoteSwiftPackageReference "XCTestExtensions" */;
			productName = XCTestExtensions;
		};
		2FE5DC9B29EDD9EF004B9AB4 /* XCTHealthKit */ = {
			isa = XCSwiftPackageProductDependency;
			package = 2FE5DC9A29EDD9EF004B9AB4 /* XCRemoteSwiftPackageReference "XCTHealthKit" */;
			productName = XCTHealthKit;
		};
		2FF53D8A2A8725DE00042B76 /* SpeziMockWebService */ = {
			isa = XCSwiftPackageProductDependency;
			package = 2FE750CA2A87240100723EAE /* XCRemoteSwiftPackageReference "SpeziMockWebService" */;
			productName = SpeziMockWebService;
		};
		5661551C2AB8384200209B80 /* SwiftPackageList */ = {
			isa = XCSwiftPackageProductDependency;
			package = 5661551B2AB8384200209B80 /* XCRemoteSwiftPackageReference "swift-package-list" */;
			productName = SwiftPackageList;
		};
		566155212AB83CF200209B80 /* SwiftPackageListJSONPlugin */ = {
			isa = XCSwiftPackageProductDependency;
			package = 5661551B2AB8384200209B80 /* XCRemoteSwiftPackageReference "swift-package-list" */;
			productName = "plugin:SwiftPackageListJSONPlugin";
		};
		9739A0C52AD7B5730084BEA5 /* FirebaseStorage */ = {
			isa = XCSwiftPackageProductDependency;
			package = 2FE5DC9029EDD9C3004B9AB4 /* XCRemoteSwiftPackageReference "firebase-ios-sdk" */;
			productName = FirebaseStorage;
		};
		97D73D692AD860AD00B47FA0 /* SpeziFirebaseStorage */ = {
			isa = XCSwiftPackageProductDependency;
			package = 2FE5DC7329EDD8E6004B9AB4 /* XCRemoteSwiftPackageReference "SpeziFirebase" */;
			productName = SpeziFirebaseStorage;
		};
		A9D83F952B083794000D0C78 /* SpeziFirebaseAccountStorage */ = {
			isa = XCSwiftPackageProductDependency;
			package = 2FE5DC7329EDD8E6004B9AB4 /* XCRemoteSwiftPackageReference "SpeziFirebase" */;
			productName = SpeziFirebaseAccountStorage;
		};
/* End XCSwiftPackageProductDependency section */
	};
	rootObject = 653A2545283387FE005D4D48 /* Project object */;
}
