{
  "pins" : [
    {
      "identity" : "abseil-cpp-binary",
      "kind" : "remoteSourceControl",
      "location" : "https://github.com/google/abseil-cpp-binary.git",
      "state" : {
        "revision" : "bfc0b6f81adc06ce5121eb23f628473638d67c5c",
        "version" : "1.2022062300.0"
      }
    },
    {
      "identity" : "fhirmodels",
      "kind" : "remoteSourceControl",
      "location" : "https://github.com/apple/FHIRModels",
      "state" : {
        "revision" : "861afd5816a98d38f86220eab2f812d76cad84a0",
        "version" : "0.5.0"
      }
    },
    {
      "identity" : "firebase-ios-sdk",
      "kind" : "remoteSourceControl",
      "location" : "https://github.com/firebase/firebase-ios-sdk.git",
      "state" : {
        "revision" : "e700a8f40c87c31cab7984875fcc1225d96b25bf",
        "version" : "10.11.0"
      }
    },
    {
      "identity" : "googleappmeasurement",
      "kind" : "remoteSourceControl",
      "location" : "https://github.com/google/GoogleAppMeasurement.git",
      "state" : {
        "revision" : "62e3a0c09a75e2637f5300d46f05a59313f1c286",
        "version" : "10.11.0"
      }
    },
    {
      "identity" : "googledatatransport",
      "kind" : "remoteSourceControl",
      "location" : "https://github.com/google/GoogleDataTransport.git",
      "state" : {
        "revision" : "98a00258d4518b7521253a70b7f70bb76d2120fe",
        "version" : "9.2.4"
      }
    },
    {
      "identity" : "googleutilities",
      "kind" : "remoteSourceControl",
      "location" : "https://github.com/google/GoogleUtilities.git",
      "state" : {
        "revision" : "58d03d22beae762eaddbd30cb5a61af90d4b309f",
        "version" : "7.11.3"
      }
    },
    {
      "identity" : "grpc-binary",
      "kind" : "remoteSourceControl",
      "location" : "https://github.com/google/grpc-binary.git",
      "state" : {
        "revision" : "f1b366129d1125be7db83247e003fc333104b569",
        "version" : "1.50.2"
      }
    },
    {
      "identity" : "gtm-session-fetcher",
      "kind" : "remoteSourceControl",
      "location" : "https://github.com/google/gtm-session-fetcher.git",
      "state" : {
        "revision" : "d415594121c9e8a4f9d79cecee0965cf35e74dbd",
        "version" : "3.1.1"
      }
    },
    {
      "identity" : "healthkitonfhir",
      "kind" : "remoteSourceControl",
      "location" : "https://github.com/StanfordBDHG/HealthKitOnFHIR",
      "state" : {
        "revision" : "fdf8e4543718a940643598e4bd5e750e9c4c5540",
        "version" : "0.2.4"
      }
    },
    {
      "identity" : "leveldb",
      "kind" : "remoteSourceControl",
      "location" : "https://github.com/firebase/leveldb.git",
      "state" : {
        "revision" : "0706abcc6b0bd9cedfbb015ba840e4a780b5159b",
        "version" : "1.22.2"
      }
    },
    {
      "identity" : "nanopb",
      "kind" : "remoteSourceControl",
      "location" : "https://github.com/firebase/nanopb.git",
      "state" : {
        "revision" : "819d0a2173aff699fb8c364b6fb906f7cdb1a692",
        "version" : "2.30909.0"
      }
    },
    {
      "identity" : "promises",
      "kind" : "remoteSourceControl",
      "location" : "https://github.com/google/promises.git",
      "state" : {
        "revision" : "ec957ccddbcc710ccc64c9dcbd4c7006fcf8b73a",
        "version" : "2.2.0"
      }
    },
    {
      "identity" : "researchkit",
      "kind" : "remoteSourceControl",
      "location" : "https://github.com/StanfordBDHG/ResearchKit",
      "state" : {
        "revision" : "d66e17369cfa238179db8ab65285fe6e7fa3e3c8",
        "version" : "2.2.12"
      }
    },
    {
      "identity" : "researchkitonfhir",
      "kind" : "remoteSourceControl",
      "location" : "https://github.com/StanfordBDHG/ResearchKitOnFHIR",
      "state" : {
        "revision" : "b3576031a96abb25a2534a6a1fbf55c0b5c1a6ce",
        "version" : "0.2.1"
      }
    },
    {
      "identity" : "spezi",
      "kind" : "remoteSourceControl",
      "location" : "https://github.com/StanfordSpezi/Spezi",
      "state" : {
        "revision" : "cfcb4d81640f3b7794f36f47e70d72ccfa00f099",
        "version" : "0.5.3"
      }
    },
    {
      "identity" : "speziaccount",
      "kind" : "remoteSourceControl",
      "location" : "https://github.com/StanfordSpezi/SpeziAccount.git",
      "state" : {
        "revision" : "8547b117fdf1d624b628eaf382c1552b208b3a68",
        "version" : "0.3.0"
      }
    },
    {
      "identity" : "spezicontact",
      "kind" : "remoteSourceControl",
      "location" : "https://github.com/StanfordSpezi/SpeziContact.git",
      "state" : {
        "revision" : "03034b813b8f97128209cfe7b4fc6fa1a904f9ab",
        "version" : "0.3.2"
      }
    },
    {
      "identity" : "spezifhir",
      "kind" : "remoteSourceControl",
      "location" : "https://github.com/StanfordSpezi/SpeziFHIR.git",
      "state" : {
        "revision" : "6303e65ba339f89b86a6dc09aab243b50de33cd7",
        "version" : "0.3.0"
      }
    },
    {
      "identity" : "spezifhirtofirestoreadapter",
      "kind" : "remoteSourceControl",
      "location" : "https://github.com/StanfordSpezi/SpeziFHIRtoFirestoreAdapter.git",
      "state" : {
        "revision" : "1970812208161d18ed6026c0e4761be88f1489ea",
        "version" : "0.3.0"
      }
    },
    {
      "identity" : "spezifirebase",
      "kind" : "remoteSourceControl",
      "location" : "https://github.com/StanfordSpezi/SpeziFirebase.git",
      "state" : {
        "revision" : "2aeebfc9dbd4a39e0ceffb7caa96fa9b53e46b2a",
        "version" : "0.3.1"
      }
    },
    {
      "identity" : "spezihealthkit",
      "kind" : "remoteSourceControl",
      "location" : "https://github.com/StanfordSpezi/SpeziHealthKit.git",
      "state" : {
        "revision" : "0a26f415c90d586a2417f31b1444bb08e004db17",
        "version" : "0.2.2"
      }
    },
    {
      "identity" : "spezihealthkittofhiradapter",
      "kind" : "remoteSourceControl",
      "location" : "https://github.com/StanfordSpezi/SpeziHealthKitToFHIRAdapter.git",
      "state" : {
        "revision" : "e43f2c05cebcd16a697397721e6a2d72bf418a9c",
        "version" : "0.3.0"
      }
    },
    {
      "identity" : "spezionboarding",
      "kind" : "remoteSourceControl",
      "location" : "https://github.com/StanfordSpezi/SpeziOnboarding.git",
      "state" : {
        "revision" : "a84ddd7cdb5ce48935ca3daf2a33ddc512d76b33",
        "version" : "0.3.1"
      }
    },
    {
      "identity" : "speziquestionnaire",
      "kind" : "remoteSourceControl",
      "location" : "https://github.com/StanfordSpezi/SpeziQuestionnaire.git",
      "state" : {
        "revision" : "7cbeb0a32e9efb055fbccb0317a381e947afd0fa",
        "version" : "0.3.0"
      }
    },
    {
      "identity" : "spezischeduler",
      "kind" : "remoteSourceControl",
      "location" : "https://github.com/StanfordSpezi/SpeziScheduler.git",
      "state" : {
        "revision" : "8688e48da3f7b9623303793042a4c48dcaaa0d49",
        "version" : "0.4.5"
      }
    },
    {
      "identity" : "spezistorage",
      "kind" : "remoteSourceControl",
      "location" : "https://github.com/StanfordSpezi/SpeziStorage.git",
      "state" : {
        "revision" : "5dc128a257a6b4f7d2f4d96803c0cf89238bb922",
        "version" : "0.3.1"
      }
    },
    {
      "identity" : "speziviews",
      "kind" : "remoteSourceControl",
      "location" : "https://github.com/StanfordSpezi/SpeziViews.git",
      "state" : {
        "revision" : "c6975e84c735b8b8a13740012c1c194f48893fa8",
        "version" : "0.3.0"
      }
    },
    {
      "identity" : "swift-protobuf",
      "kind" : "remoteSourceControl",
      "location" : "https://github.com/apple/swift-protobuf.git",
      "state" : {
        "revision" : "f25867a208f459d3c5a06935dceb9083b11cd539",
        "version" : "1.22.0"
      }
    },
    {
      "identity" : "xctestextensions",
      "kind" : "remoteSourceControl",
      "location" : "https://github.com/StanfordBDHG/XCTestExtensions.git",
      "state" : {
        "revision" : "625477e0937294cb3fd6e7bbf72b78f951644b1d",
        "version" : "0.4.6"
      }
    },
    {
      "identity" : "xcthealthkit",
      "kind" : "remoteSourceControl",
      "location" : "https://github.com/StanfordBDHG/XCTHealthKit.git",
      "state" : {
        "revision" : "6e9344a2d632b801d94fe3bbd1d891817e032103",
        "version" : "0.3.5"
      }
    },
    {
      "identity" : "xctruntimeassertions",
      "kind" : "remoteSourceControl",
      "location" : "https://github.com/StanfordSpezi/XCTRuntimeAssertions",
      "state" : {
        "revision" : "8471ac76b9bb5645ba5ccb36a893919fccbf8851",
        "version" : "0.2.3"
      }
    }
  ],
  "version" : 2
}
